// !$*UTF8*$!
{
	archiveVersion = 1;
	classes = {
	};
	objectVersion = 56;
	objects = {

/* Begin PBXBuildFile section */
		41AC14EB3007626A00502158 /* OTPCodeView.swift in Sources */ = {isa = PBXBuildFile; fileRef = 41AC14EA3007626A00502158 /* OTPCodeView.swift */; };
		41AC14ED3007631C00502158 /* OTPBoxView.swift in Sources */ = {isa = PBXBuildFile; fileRef = 41AC14EC3007631C00502158 /* OTPBoxView.swift */; };
		41AC14EF30076D5500502158 /* CustomSearchTextField.swift in Sources */ = {isa = PBXBuildFile; fileRef = 41AC14EE30076D5500502158 /* CustomSearchTextField.swift */; };
		CE8AFF18300712FC0064CC6C /* Font.swift in Sources */ = {isa = PBXBuildFile; fileRef = CE8AFF15300712FC0064CC6C /* Font.swift */; };
		CE8AFF19300712FC0064CC6C /* Colors.swift in Sources */ = {isa = PBXBuildFile; fileRef = CE8AFF14300712FC0064CC6C /* Colors.swift */; };
		CE8AFF1D300718670064CC6C /* Round.swift in Sources */ = {isa = PBXBuildFile; fileRef = CE8AFF1C300718670064CC6C /* Round.swift */; };
		CE8AFF1F3007187D0064CC6C /* Spaces.swift in Sources */ = {isa = PBXBuildFile; fileRef = CE8AFF1E3007187D0064CC6C /* Spaces.swift */; };
		CE8AFF22300726660064CC6C /* PhoneTextField.swift in Sources */ = {isa = PBXBuildFile; fileRef = CE8AFF21300726660064CC6C /* PhoneTextField.swift */; };
		CECC20D03007AD1200DC450D /* PhoneFieldState.swift in Sources */ = {isa = PBXBuildFile; fileRef = CECC20CF3007AD1200DC450D /* PhoneFieldState.swift */; };
		CECC20D23007AD2800DC450D /* PhoneValidator.swift in Sources */ = {isa = PBXBuildFile; fileRef = CECC20D13007AD2800DC450D /* PhoneValidator.swift */; };
		CECC20D43007AD3A00DC450D /* CountryCode.swift in Sources */ = {isa = PBXBuildFile; fileRef = CECC20D33007AD3A00DC450D /* CountryCode.swift */; };
		CECC20D63007AD4E00DC450D /* CountryPickerSheet.swift in Sources */ = {isa = PBXBuildFile; fileRef = CECC20D53007AD4E00DC450D /* CountryPickerSheet.swift */; };
		CECC20D83007B60900DC450D /* AppStrings.swift in Sources */ = {isa = PBXBuildFile; fileRef = CECC20D73007B60900DC450D /* AppStrings.swift */; };
		CECC20DA3007BE6800DC450D /* PhoneFieldViewModel.swift in Sources */ = {isa = PBXBuildFile; fileRef = CECC20D93007BE6800DC450D /* PhoneFieldViewModel.swift */; };
		CECC20DD3007C59F00DC450D /* Localizable.strings in Resources */ = {isa = PBXBuildFile; fileRef = CECC20DB3007C59F00DC450D /* Localizable.strings */; };
		D93938E23004064400CF4372 /* Career_Pilot_iOSApp.swift in Sources */ = {isa = PBXBuildFile; fileRef = D93938E13004064400CF4372 /* Career_Pilot_iOSApp.swift */; };
		D93938E43004064400CF4372 /* ContentView.swift in Sources */ = {isa = PBXBuildFile; fileRef = D93938E33004064400CF4372 /* ContentView.swift */; };
		D93938E63004064600CF4372 /* Assets.xcassets in Resources */ = {isa = PBXBuildFile; fileRef = D93938E53004064600CF4372 /* Assets.xcassets */; };
		D93938E93004064600CF4372 /* Preview Assets.xcassets in Resources */ = {isa = PBXBuildFile; fileRef = D93938E83004064600CF4372 /* Preview Assets.xcassets */; };
		D93938EB3004064600CF4372 /* Persistence.swift in Sources */ = {isa = PBXBuildFile; fileRef = D93938EA3004064600CF4372 /* Persistence.swift */; };
		D93938EE3004064600CF4372 /* Career_Pilot_iOS.xcdatamodeld in Sources */ = {isa = PBXBuildFile; fileRef = D93938EC3004064600CF4372 /* Career_Pilot_iOS.xcdatamodeld */; };
		D93938F83004064600CF4372 /* Career_Pilot_iOSTests.swift in Sources */ = {isa = PBXBuildFile; fileRef = D93938F73004064600CF4372 /* Career_Pilot_iOSTests.swift */; };
		D93939023004064600CF4372 /* Career_Pilot_iOSUITests.swift in Sources */ = {isa = PBXBuildFile; fileRef = D93939013004064600CF4372 /* Career_Pilot_iOSUITests.swift */; };
		D93939043004064600CF4372 /* Career_Pilot_iOSUITestsLaunchTests.swift in Sources */ = {isa = PBXBuildFile; fileRef = D93939033004064600CF4372 /* Career_Pilot_iOSUITestsLaunchTests.swift */; };
		D9C1878A30065AA400BFF8E9 /* AuthView.swift in Sources */ = {isa = PBXBuildFile; fileRef = D9C1878930065AA400BFF8E9 /* AuthView.swift */; };
		D9C1879330065AF100BFF8E9 /* Repo.swift in Sources */ = {isa = PBXBuildFile; fileRef = D9C1879230065AF100BFF8E9 /* Repo.swift */; };
		D9C1879530065AFC00BFF8E9 /* UseCases.swift in Sources */ = {isa = PBXBuildFile; fileRef = D9C1879430065AFC00BFF8E9 /* UseCases.swift */; };
		D9C1879730065B0400BFF8E9 /* Entity.swift in Sources */ = {isa = PBXBuildFile; fileRef = D9C1879630065B0400BFF8E9 /* Entity.swift */; };
		D9C1879E30065B9800BFF8E9 /* TestDao.swift in Sources */ = {isa = PBXBuildFile; fileRef = D9C1879D30065B9800BFF8E9 /* TestDao.swift */; };
		D9C187A030065BA700BFF8E9 /* TestLocalDataSource.swift in Sources */ = {isa = PBXBuildFile; fileRef = D9C1879F30065BA700BFF8E9 /* TestLocalDataSource.swift */; };
		D9C187A230065C2200BFF8E9 /* RemoteDataSource.swift in Sources */ = {isa = PBXBuildFile; fileRef = D9C187A130065C2200BFF8E9 /* RemoteDataSource.swift */; };
		D9C187A430065C2B00BFF8E9 /* RepoImp.swift in Sources */ = {isa = PBXBuildFile; fileRef = D9C187A330065C2B00BFF8E9 /* RepoImp.swift */; };
		D9C187A630065C3700BFF8E9 /* TestModels.swift in Sources */ = {isa = PBXBuildFile; fileRef = D9C187A530065C3600BFF8E9 /* TestModels.swift */; };
		D9C187AA30065C8700BFF8E9 /* AuthViewModel.swift in Sources */ = {isa = PBXBuildFile; fileRef = D9C187A930065C8700BFF8E9 /* AuthViewModel.swift */; };
		D9C187AF300660D100BFF8E9 /* APIEndpoint.swift in Sources */ = {isa = PBXBuildFile; fileRef = D9C187AE300660D100BFF8E9 /* APIEndpoint.swift */; };
		D9C187B33006618500BFF8E9 /* DIContainer.swift in Sources */ = {isa = PBXBuildFile; fileRef = D9C187B23006618500BFF8E9 /* DIContainer.swift */; };
		D9C187B83006623F00BFF8E9 /* NetworkService.swift in Sources */ = {isa = PBXBuildFile; fileRef = D9C187B73006623F00BFF8E9 /* NetworkService.swift */; };
		D9C187BB300662F000BFF8E9 /* HTTPMethod.swift in Sources */ = {isa = PBXBuildFile; fileRef = D9C187BA300662F000BFF8E9 /* HTTPMethod.swift */; };
		D9C187BE300663F200BFF8E9 /* NetworkError.swift in Sources */ = {isa = PBXBuildFile; fileRef = D9C187BD300663F200BFF8E9 /* NetworkError.swift */; };
		D9C187C430066A4000BFF8E9 /* Storage.swift in Sources */ = {isa = PBXBuildFile; fileRef = D9C187C330066A4000BFF8E9 /* Storage.swift */; };
		D9C187C630066A4800BFF8E9 /* Routin.swift in Sources */ = {isa = PBXBuildFile; fileRef = D9C187C530066A4800BFF8E9 /* Routin.swift */; };
		D9C187C830066A4F00BFF8E9 /* Ex.swift in Sources */ = {isa = PBXBuildFile; fileRef = D9C187C730066A4F00BFF8E9 /* Ex.swift */; };
		D9C187CF30066B2800BFF8E9 /* style.swift in Sources */ = {isa = PBXBuildFile; fileRef = D9C187CE30066B2800BFF8E9 /* style.swift */; };
/* End PBXBuildFile section */

/* Begin PBXContainerItemProxy section */
		D93938F43004064600CF4372 /* PBXContainerItemProxy */ = {
			isa = PBXContainerItemProxy;
			containerPortal = D93938D63004064400CF4372 /* Project object */;
			proxyType = 1;
			remoteGlobalIDString = D93938DD3004064400CF4372;
			remoteInfo = "Career-Pilot-iOS";
		};
		D93938FE3004064600CF4372 /* PBXContainerItemProxy */ = {
			isa = PBXContainerItemProxy;
			containerPortal = D93938D63004064400CF4372 /* Project object */;
			proxyType = 1;
			remoteGlobalIDString = D93938DD3004064400CF4372;
			remoteInfo = "Career-Pilot-iOS";
		};
/* End PBXContainerItemProxy section */

/* Begin PBXFileReference section */
		41AC14EA3007626A00502158 /* OTPCodeView.swift */ = {isa = PBXFileReference; lastKnownFileType = sourcecode.swift; path = OTPCodeView.swift; sourceTree = "<group>"; };
		41AC14EC3007631C00502158 /* OTPBoxView.swift */ = {isa = PBXFileReference; lastKnownFileType = sourcecode.swift; path = OTPBoxView.swift; sourceTree = "<group>"; };
		41AC14EE30076D5500502158 /* CustomSearchTextField.swift */ = {isa = PBXFileReference; lastKnownFileType = sourcecode.swift; path = CustomSearchTextField.swift; sourceTree = "<group>"; };
		CE8AFF14300712FC0064CC6C /* Colors.swift */ = {isa = PBXFileReference; lastKnownFileType = sourcecode.swift; path = Colors.swift; sourceTree = "<group>"; };
		CE8AFF15300712FC0064CC6C /* Font.swift */ = {isa = PBXFileReference; lastKnownFileType = sourcecode.swift; path = Font.swift; sourceTree = "<group>"; };
		CE8AFF1C300718670064CC6C /* Round.swift */ = {isa = PBXFileReference; lastKnownFileType = sourcecode.swift; path = Round.swift; sourceTree = "<group>"; };
		CE8AFF1E3007187D0064CC6C /* Spaces.swift */ = {isa = PBXFileReference; lastKnownFileType = sourcecode.swift; path = Spaces.swift; sourceTree = "<group>"; };
		CE8AFF21300726660064CC6C /* PhoneTextField.swift */ = {isa = PBXFileReference; lastKnownFileType = sourcecode.swift; path = PhoneTextField.swift; sourceTree = "<group>"; };
		CECC20CF3007AD1200DC450D /* PhoneFieldState.swift */ = {isa = PBXFileReference; lastKnownFileType = sourcecode.swift; path = PhoneFieldState.swift; sourceTree = "<group>"; };
		CECC20D13007AD2800DC450D /* PhoneValidator.swift */ = {isa = PBXFileReference; lastKnownFileType = sourcecode.swift; path = PhoneValidator.swift; sourceTree = "<group>"; };
		CECC20D33007AD3A00DC450D /* CountryCode.swift */ = {isa = PBXFileReference; lastKnownFileType = sourcecode.swift; path = CountryCode.swift; sourceTree = "<group>"; };
		CECC20D53007AD4E00DC450D /* CountryPickerSheet.swift */ = {isa = PBXFileReference; lastKnownFileType = sourcecode.swift; path = CountryPickerSheet.swift; sourceTree = "<group>"; };
		CECC20D73007B60900DC450D /* AppStrings.swift */ = {isa = PBXFileReference; lastKnownFileType = sourcecode.swift; path = AppStrings.swift; sourceTree = "<group>"; };
		CECC20D93007BE6800DC450D /* PhoneFieldViewModel.swift */ = {isa = PBXFileReference; lastKnownFileType = sourcecode.swift; path = PhoneFieldViewModel.swift; sourceTree = "<group>"; };
		CECC20DC3007C59F00DC450D /* en */ = {isa = PBXFileReference; lastKnownFileType = text.plist.strings; name = en; path = en.lproj/Localizable.strings; sourceTree = "<group>"; };
		D93938DE3004064400CF4372 /* Career-Pilot-iOS.app */ = {isa = PBXFileReference; explicitFileType = wrapper.application; includeInIndex = 0; path = "Career-Pilot-iOS.app"; sourceTree = BUILT_PRODUCTS_DIR; };
		D93938E13004064400CF4372 /* Career_Pilot_iOSApp.swift */ = {isa = PBXFileReference; lastKnownFileType = sourcecode.swift; path = Career_Pilot_iOSApp.swift; sourceTree = "<group>"; };
		D93938E33004064400CF4372 /* ContentView.swift */ = {isa = PBXFileReference; lastKnownFileType = sourcecode.swift; path = ContentView.swift; sourceTree = "<group>"; };
		D93938E53004064600CF4372 /* Assets.xcassets */ = {isa = PBXFileReference; lastKnownFileType = folder.assetcatalog; path = Assets.xcassets; sourceTree = "<group>"; };
		D93938E83004064600CF4372 /* Preview Assets.xcassets */ = {isa = PBXFileReference; lastKnownFileType = folder.assetcatalog; path = "Preview Assets.xcassets"; sourceTree = "<group>"; };
		D93938EA3004064600CF4372 /* Persistence.swift */ = {isa = PBXFileReference; lastKnownFileType = sourcecode.swift; path = Persistence.swift; sourceTree = "<group>"; };
		D93938ED3004064600CF4372 /* Career_Pilot_iOS.xcdatamodel */ = {isa = PBXFileReference; lastKnownFileType = wrapper.xcdatamodel; path = Career_Pilot_iOS.xcdatamodel; sourceTree = "<group>"; };
		D93938F33004064600CF4372 /* Career-Pilot-iOSTests.xctest */ = {isa = PBXFileReference; explicitFileType = wrapper.cfbundle; includeInIndex = 0; path = "Career-Pilot-iOSTests.xctest"; sourceTree = BUILT_PRODUCTS_DIR; };
		D93938F73004064600CF4372 /* Career_Pilot_iOSTests.swift */ = {isa = PBXFileReference; lastKnownFileType = sourcecode.swift; path = Career_Pilot_iOSTests.swift; sourceTree = "<group>"; };
		D93938FD3004064600CF4372 /* Career-Pilot-iOSUITests.xctest */ = {isa = PBXFileReference; explicitFileType = wrapper.cfbundle; includeInIndex = 0; path = "Career-Pilot-iOSUITests.xctest"; sourceTree = BUILT_PRODUCTS_DIR; };
		D93939013004064600CF4372 /* Career_Pilot_iOSUITests.swift */ = {isa = PBXFileReference; lastKnownFileType = sourcecode.swift; path = Career_Pilot_iOSUITests.swift; sourceTree = "<group>"; };
		D93939033004064600CF4372 /* Career_Pilot_iOSUITestsLaunchTests.swift */ = {isa = PBXFileReference; lastKnownFileType = sourcecode.swift; path = Career_Pilot_iOSUITestsLaunchTests.swift; sourceTree = "<group>"; };
		D9C1878930065AA400BFF8E9 /* AuthView.swift */ = {isa = PBXFileReference; lastKnownFileType = sourcecode.swift; path = AuthView.swift; sourceTree = "<group>"; };
		D9C1879230065AF100BFF8E9 /* Repo.swift */ = {isa = PBXFileReference; lastKnownFileType = sourcecode.swift; path = Repo.swift; sourceTree = "<group>"; };
		D9C1879430065AFC00BFF8E9 /* UseCases.swift */ = {isa = PBXFileReference; lastKnownFileType = sourcecode.swift; path = UseCases.swift; sourceTree = "<group>"; };
		D9C1879630065B0400BFF8E9 /* Entity.swift */ = {isa = PBXFileReference; lastKnownFileType = sourcecode.swift; path = Entity.swift; sourceTree = "<group>"; };
		D9C1879D30065B9800BFF8E9 /* TestDao.swift */ = {isa = PBXFileReference; lastKnownFileType = sourcecode.swift; path = TestDao.swift; sourceTree = "<group>"; };
		D9C1879F30065BA700BFF8E9 /* TestLocalDataSource.swift */ = {isa = PBXFileReference; lastKnownFileType = sourcecode.swift; path = TestLocalDataSource.swift; sourceTree = "<group>"; };
		D9C187A130065C2200BFF8E9 /* RemoteDataSource.swift */ = {isa = PBXFileReference; lastKnownFileType = sourcecode.swift; path = RemoteDataSource.swift; sourceTree = "<group>"; };
		D9C187A330065C2B00BFF8E9 /* RepoImp.swift */ = {isa = PBXFileReference; lastKnownFileType = sourcecode.swift; path = RepoImp.swift; sourceTree = "<group>"; };
		D9C187A530065C3600BFF8E9 /* TestModels.swift */ = {isa = PBXFileReference; lastKnownFileType = sourcecode.swift; path = TestModels.swift; sourceTree = "<group>"; };
		D9C187A930065C8700BFF8E9 /* AuthViewModel.swift */ = {isa = PBXFileReference; lastKnownFileType = sourcecode.swift; path = AuthViewModel.swift; sourceTree = "<group>"; };
		D9C187AE300660D100BFF8E9 /* APIEndpoint.swift */ = {isa = PBXFileReference; lastKnownFileType = sourcecode.swift; path = APIEndpoint.swift; sourceTree = "<group>"; };
		D9C187B23006618500BFF8E9 /* DIContainer.swift */ = {isa = PBXFileReference; lastKnownFileType = sourcecode.swift; path = DIContainer.swift; sourceTree = "<group>"; };
		D9C187B73006623F00BFF8E9 /* NetworkService.swift */ = {isa = PBXFileReference; lastKnownFileType = sourcecode.swift; path = NetworkService.swift; sourceTree = "<group>"; };
		D9C187BA300662F000BFF8E9 /* HTTPMethod.swift */ = {isa = PBXFileReference; lastKnownFileType = sourcecode.swift; path = HTTPMethod.swift; sourceTree = "<group>"; };
		D9C187BD300663F200BFF8E9 /* NetworkError.swift */ = {isa = PBXFileReference; lastKnownFileType = sourcecode.swift; path = NetworkError.swift; sourceTree = "<group>"; };
		D9C187C330066A4000BFF8E9 /* Storage.swift */ = {isa = PBXFileReference; lastKnownFileType = sourcecode.swift; path = Storage.swift; sourceTree = "<group>"; };
		D9C187C530066A4800BFF8E9 /* Routin.swift */ = {isa = PBXFileReference; lastKnownFileType = sourcecode.swift; path = Routin.swift; sourceTree = "<group>"; };
		D9C187C730066A4F00BFF8E9 /* Ex.swift */ = {isa = PBXFileReference; lastKnownFileType = sourcecode.swift; path = Ex.swift; sourceTree = "<group>"; };
		D9C187CC30066B1F00BFF8E9 /* util.swift */ = {isa = PBXFileReference; lastKnownFileType = sourcecode.swift; path = util.swift; sourceTree = "<group>"; };
		D9C187CE30066B2800BFF8E9 /* style.swift */ = {isa = PBXFileReference; lastKnownFileType = sourcecode.swift; path = style.swift; sourceTree = "<group>"; };
/* End PBXFileReference section */

/* Begin PBXFrameworksBuildPhase section */
		D93938DB3004064400CF4372 /* Frameworks */ = {
			isa = PBXFrameworksBuildPhase;
			buildActionMask = 2147483647;
			files = (
			);
			runOnlyForDeploymentPostprocessing = 0;
		};
		D93938F03004064600CF4372 /* Frameworks */ = {
			isa = PBXFrameworksBuildPhase;
			buildActionMask = 2147483647;
			files = (
			);
			runOnlyForDeploymentPostprocessing = 0;
		};
		D93938FA3004064600CF4372 /* Frameworks */ = {
			isa = PBXFrameworksBuildPhase;
			buildActionMask = 2147483647;
			files = (
			);
			runOnlyForDeploymentPostprocessing = 0;
		};
/* End PBXFrameworksBuildPhase section */

/* Begin PBXGroup section */
		CECC20CE3007ACE100DC450D /* PhoneField */ = {
			isa = PBXGroup;
			children = (
				CE8AFF21300726660064CC6C /* PhoneTextField.swift */,
				CECC20CF3007AD1200DC450D /* PhoneFieldState.swift */,
				CECC20D13007AD2800DC450D /* PhoneValidator.swift */,
				CECC20D33007AD3A00DC450D /* CountryCode.swift */,
				CECC20D53007AD4E00DC450D /* CountryPickerSheet.swift */,
				CECC20D93007BE6800DC450D /* PhoneFieldViewModel.swift */,
			);
			path = PhoneField;
			sourceTree = "<group>";
		};
		D93938D53004064400CF4372 = {
			isa = PBXGroup;
			children = (
				D93938E03004064400CF4372 /* Career-Pilot-iOS */,
				D93938F63004064600CF4372 /* Career-Pilot-iOSTests */,
				D93939003004064600CF4372 /* Career-Pilot-iOSUITests */,
				D93938DF3004064400CF4372 /* Products */,
			);
			sourceTree = "<group>";
		};
		D93938DF3004064400CF4372 /* Products */ = {
			isa = PBXGroup;
			children = (
				D93938DE3004064400CF4372 /* Career-Pilot-iOS.app */,
				D93938F33004064600CF4372 /* Career-Pilot-iOSTests.xctest */,
				D93938FD3004064600CF4372 /* Career-Pilot-iOSUITests.xctest */,
			);
			name = Products;
			sourceTree = "<group>";
		};
		D93938E03004064400CF4372 /* Career-Pilot-iOS */ = {
			isa = PBXGroup;
			children = (
				D9C187AB30065F6800BFF8E9 /* Core */,
				D9C1878430065A4800BFF8E9 /* Modules */,
				D93938E73004064600CF4372 /* Preview Content */,
			);
			path = "Career-Pilot-iOS";
			sourceTree = "<group>";
		};
		D93938E73004064600CF4372 /* Preview Content */ = {
			isa = PBXGroup;
			children = (
				D93938E83004064600CF4372 /* Preview Assets.xcassets */,
			);
			path = "Preview Content";
			sourceTree = "<group>";
		};
		D93938F63004064600CF4372 /* Career-Pilot-iOSTests */ = {
			isa = PBXGroup;
			children = (
				D93938F73004064600CF4372 /* Career_Pilot_iOSTests.swift */,
			);
			path = "Career-Pilot-iOSTests";
			sourceTree = "<group>";
		};
		D93939003004064600CF4372 /* Career-Pilot-iOSUITests */ = {
			isa = PBXGroup;
			children = (
				D93939013004064600CF4372 /* Career_Pilot_iOSUITests.swift */,
				D93939033004064600CF4372 /* Career_Pilot_iOSUITestsLaunchTests.swift */,
			);
			path = "Career-Pilot-iOSUITests";
			sourceTree = "<group>";
		};
		D9C1878430065A4800BFF8E9 /* Modules */ = {
			isa = PBXGroup;
			children = (
				D9C1878530065A5900BFF8E9 /* Auth */,
			);
			path = Modules;
			sourceTree = "<group>";
		};
		D9C1878530065A5900BFF8E9 /* Auth */ = {
			isa = PBXGroup;
			children = (
				D9C1878830065A9700BFF8E9 /* Presentation */,
				D9C1878730065A6B00BFF8E9 /* Domain */,
				D9C1878630065A6400BFF8E9 /* Data */,
			);
			path = Auth;
			sourceTree = "<group>";
		};
		D9C1878630065A6400BFF8E9 /* Data */ = {
			isa = PBXGroup;
			children = (
				D9C1879830065B5500BFF8E9 /* Models */,
				D9C1879930065B5800BFF8E9 /* DataSources */,
				D9C1879C30065B7500BFF8E9 /* RepoImp */,
			);
			path = Data;
			sourceTree = "<group>";
		};
		D9C1878730065A6B00BFF8E9 /* Domain */ = {
			isa = PBXGroup;
			children = (
				D9C1878F30065ACC00BFF8E9 /* Entity */,
				D9C1879030065AD200BFF8E9 /* UseCases */,
				D9C1879130065AD700BFF8E9 /* Repo */,
			);
			path = Domain;
			sourceTree = "<group>";
		};
		D9C1878830065A9700BFF8E9 /* Presentation */ = {
			isa = PBXGroup;
			children = (
				D9C187A830065C7300BFF8E9 /* View */,
				D9C187A730065C6F00BFF8E9 /* VM */,
			);
			path = Presentation;
			sourceTree = "<group>";
		};
		D9C1878F30065ACC00BFF8E9 /* Entity */ = {
			isa = PBXGroup;
			children = (
				D9C1879630065B0400BFF8E9 /* Entity.swift */,
			);
			path = Entity;
			sourceTree = "<group>";
		};
		D9C1879030065AD200BFF8E9 /* UseCases */ = {
			isa = PBXGroup;
			children = (
				D9C1879430065AFC00BFF8E9 /* UseCases.swift */,
			);
			path = UseCases;
			sourceTree = "<group>";
		};
		D9C1879130065AD700BFF8E9 /* Repo */ = {
			isa = PBXGroup;
			children = (
				D9C1879230065AF100BFF8E9 /* Repo.swift */,
			);
			path = Repo;
			sourceTree = "<group>";
		};
		D9C1879830065B5500BFF8E9 /* Models */ = {
			isa = PBXGroup;
			children = (
				D9C187A530065C3600BFF8E9 /* TestModels.swift */,
			);
			path = Models;
			sourceTree = "<group>";
		};
		D9C1879930065B5800BFF8E9 /* DataSources */ = {
			isa = PBXGroup;
			children = (
				D9C1879B30065B6B00BFF8E9 /* Local */,
				D9C1879A30065B6800BFF8E9 /* Remote */,
			);
			path = DataSources;
			sourceTree = "<group>";
		};
		D9C1879A30065B6800BFF8E9 /* Remote */ = {
			isa = PBXGroup;
			children = (
				D9C187A130065C2200BFF8E9 /* RemoteDataSource.swift */,
			);
			path = Remote;
			sourceTree = "<group>";
		};
		D9C1879B30065B6B00BFF8E9 /* Local */ = {
			isa = PBXGroup;
			children = (
				D9C1879F30065BA700BFF8E9 /* TestLocalDataSource.swift */,
				D9C1879D30065B9800BFF8E9 /* TestDao.swift */,
			);
			path = Local;
			sourceTree = "<group>";
		};
		D9C1879C30065B7500BFF8E9 /* RepoImp */ = {
			isa = PBXGroup;
			children = (
				D9C187A330065C2B00BFF8E9 /* RepoImp.swift */,
			);
			path = RepoImp;
			sourceTree = "<group>";
		};
		D9C187A730065C6F00BFF8E9 /* VM */ = {
			isa = PBXGroup;
			children = (
				D9C187A930065C8700BFF8E9 /* AuthViewModel.swift */,
			);
			path = VM;
			sourceTree = "<group>";
		};
		D9C187A830065C7300BFF8E9 /* View */ = {
			isa = PBXGroup;
			children = (
				D9C1878930065AA400BFF8E9 /* AuthView.swift */,
				41AC14EA3007626A00502158 /* OTPCodeView.swift */,
				41AC14EC3007631C00502158 /* OTPBoxView.swift */,
			);
			path = View;
			sourceTree = "<group>";
		};
		D9C187AB30065F6800BFF8E9 /* Core */ = {
			isa = PBXGroup;
			children = (
				D9C187D030066BC900BFF8E9 /* App */,
				D9C187B13006610A00BFF8E9 /* Di */,
				D9C187CB30066AE100BFF8E9 /* Util */,
				D9C187CA30066AD800BFF8E9 /* Style */,
				D9C187B0300660D500BFF8E9 /* Components */,
				D9C187AC3006604600BFF8E9 /* Network */,
				D9C187AD3006609300BFF8E9 /* Storage */,
				D9C187B53006619C00BFF8E9 /* Routing */,
				D9C187B43006618B00BFF8E9 /* Extension */,
			);
			path = Core;
			sourceTree = "<group>";
		};
		D9C187AC3006604600BFF8E9 /* Network */ = {
			isa = PBXGroup;
			children = (
				D9C187BD300663F200BFF8E9 /* NetworkError.swift */,
				D9C187B9300662E000BFF8E9 /* EndPoint */,
				D9C187B73006623F00BFF8E9 /* NetworkService.swift */,
			);
			path = Network;
			sourceTree = "<group>";
		};
		D9C187AD3006609300BFF8E9 /* Storage */ = {
			isa = PBXGroup;
			children = (
				D93938EC3004064600CF4372 /* Career_Pilot_iOS.xcdatamodeld */,
				D93938EA3004064600CF4372 /* Persistence.swift */,
				D9C187C330066A4000BFF8E9 /* Storage.swift */,
			);
			path = Storage;
			sourceTree = "<group>";
		};
		D9C187B0300660D500BFF8E9 /* Components */ = {
			isa = PBXGroup;
			children = (
				CECC20CE3007ACE100DC450D /* PhoneField */,
				41AC14EE30076D5500502158 /* CustomSearchTextField.swift */,
			);
			path = Components;
			sourceTree = "<group>";
		};
		D9C187B13006610A00BFF8E9 /* Di */ = {
			isa = PBXGroup;
			children = (
				D9C187B23006618500BFF8E9 /* DIContainer.swift */,
			);
			path = Di;
			sourceTree = "<group>";
		};
		D9C187B43006618B00BFF8E9 /* Extension */ = {
			isa = PBXGroup;
			children = (
				D9C187C730066A4F00BFF8E9 /* Ex.swift */,
			);
			path = Extension;
			sourceTree = "<group>";
		};
		D9C187B53006619C00BFF8E9 /* Routing */ = {
			isa = PBXGroup;
			children = (
				D9C187C530066A4800BFF8E9 /* Routin.swift */,
			);
			path = Routing;
			sourceTree = "<group>";
		};
		D9C187B9300662E000BFF8E9 /* EndPoint */ = {
			isa = PBXGroup;
			children = (
				D9C187AE300660D100BFF8E9 /* APIEndpoint.swift */,
				D9C187BA300662F000BFF8E9 /* HTTPMethod.swift */,
			);
			path = EndPoint;
			sourceTree = "<group>";
		};
		D9C187CA30066AD800BFF8E9 /* Style */ = {
			isa = PBXGroup;
			children = (
				D9C187CE30066B2800BFF8E9 /* style.swift */,
				CE8AFF14300712FC0064CC6C /* Colors.swift */,
				CE8AFF15300712FC0064CC6C /* Font.swift */,
				CE8AFF1C300718670064CC6C /* Round.swift */,
				CE8AFF1E3007187D0064CC6C /* Spaces.swift */,
				CECC20D73007B60900DC450D /* AppStrings.swift */,
				CECC20DB3007C59F00DC450D /* Localizable.strings */,
			);
			path = Style;
			sourceTree = "<group>";
		};
		D9C187CB30066AE100BFF8E9 /* Util */ = {
			isa = PBXGroup;
			children = (
				D9C187CC30066B1F00BFF8E9 /* util.swift */,
			);
			path = Util;
			sourceTree = "<group>";
		};
		D9C187D030066BC900BFF8E9 /* App */ = {
			isa = PBXGroup;
			children = (
				D93938E13004064400CF4372 /* Career_Pilot_iOSApp.swift */,
				D93938E33004064400CF4372 /* ContentView.swift */,
				D93938E53004064600CF4372 /* Assets.xcassets */,
			);
			path = App;
			sourceTree = "<group>";
		};
/* End PBXGroup section */

/* Begin PBXNativeTarget section */
		D93938DD3004064400CF4372 /* Career-Pilot-iOS */ = {
			isa = PBXNativeTarget;
			buildConfigurationList = D93939073004064600CF4372 /* Build configuration list for PBXNativeTarget "Career-Pilot-iOS" */;
			buildPhases = (
				D93938DA3004064400CF4372 /* Sources */,
				D93938DB3004064400CF4372 /* Frameworks */,
				D93938DC3004064400CF4372 /* Resources */,
			);
			buildRules = (
			);
			dependencies = (
			);
			name = "Career-Pilot-iOS";
			productName = "Career-Pilot-iOS";
			productReference = D93938DE3004064400CF4372 /* Career-Pilot-iOS.app */;
			productType = "com.apple.product-type.application";
		};
		D93938F23004064600CF4372 /* Career-Pilot-iOSTests */ = {
			isa = PBXNativeTarget;
			buildConfigurationList = D939390A3004064600CF4372 /* Build configuration list for PBXNativeTarget "Career-Pilot-iOSTests" */;
			buildPhases = (
				D93938EF3004064600CF4372 /* Sources */,
				D93938F03004064600CF4372 /* Frameworks */,
				D93938F13004064600CF4372 /* Resources */,
			);
			buildRules = (
			);
			dependencies = (
				D93938F53004064600CF4372 /* PBXTargetDependency */,
			);
			name = "Career-Pilot-iOSTests";
			productName = "Career-Pilot-iOSTests";
			productReference = D93938F33004064600CF4372 /* Career-Pilot-iOSTests.xctest */;
			productType = "com.apple.product-type.bundle.unit-test";
		};
		D93938FC3004064600CF4372 /* Career-Pilot-iOSUITests */ = {
			isa = PBXNativeTarget;
			buildConfigurationList = D939390D3004064600CF4372 /* Build configuration list for PBXNativeTarget "Career-Pilot-iOSUITests" */;
			buildPhases = (
				D93938F93004064600CF4372 /* Sources */,
				D93938FA3004064600CF4372 /* Frameworks */,
				D93938FB3004064600CF4372 /* Resources */,
			);
			buildRules = (
			);
			dependencies = (
				D93938FF3004064600CF4372 /* PBXTargetDependency */,
			);
			name = "Career-Pilot-iOSUITests";
			productName = "Career-Pilot-iOSUITests";
			productReference = D93938FD3004064600CF4372 /* Career-Pilot-iOSUITests.xctest */;
			productType = "com.apple.product-type.bundle.ui-testing";
		};
/* End PBXNativeTarget section */

/* Begin PBXProject section */
		D93938D63004064400CF4372 /* Project object */ = {
			isa = PBXProject;
			attributes = {
				BuildIndependentTargetsInParallel = 1;
				LastSwiftUpdateCheck = 1420;
				LastUpgradeCheck = 1420;
				TargetAttributes = {
					D93938DD3004064400CF4372 = {
						CreatedOnToolsVersion = 14.2;
					};
					D93938F23004064600CF4372 = {
						CreatedOnToolsVersion = 14.2;
						TestTargetID = D93938DD3004064400CF4372;
					};
					D93938FC3004064600CF4372 = {
						CreatedOnToolsVersion = 14.2;
						TestTargetID = D93938DD3004064400CF4372;
					};
				};
			};
			buildConfigurationList = D93938D93004064400CF4372 /* Build configuration list for PBXProject "Career-Pilot-iOS" */;
			compatibilityVersion = "Xcode 14.0";
			developmentRegion = en;
			hasScannedForEncodings = 0;
			knownRegions = (
				en,
				Base,
			);
			mainGroup = D93938D53004064400CF4372;
			productRefGroup = D93938DF3004064400CF4372 /* Products */;
			projectDirPath = "";
			projectRoot = "";
			targets = (
				D93938DD3004064400CF4372 /* Career-Pilot-iOS */,
				D93938F23004064600CF4372 /* Career-Pilot-iOSTests */,
				D93938FC3004064600CF4372 /* Career-Pilot-iOSUITests */,
			);
		};
/* End PBXProject section */

/* Begin PBXResourcesBuildPhase section */
		D93938DC3004064400CF4372 /* Resources */ = {
			isa = PBXResourcesBuildPhase;
			buildActionMask = 2147483647;
			files = (
				D93938E93004064600CF4372 /* Preview Assets.xcassets in Resources */,
				CECC20DD3007C59F00DC450D /* Localizable.strings in Resources */,
				D93938E63004064600CF4372 /* Assets.xcassets in Resources */,
			);
			runOnlyForDeploymentPostprocessing = 0;
		};
		D93938F13004064600CF4372 /* Resources */ = {
			isa = PBXResourcesBuildPhase;
			buildActionMask = 2147483647;
			files = (
			);
			runOnlyForDeploymentPostprocessing = 0;
		};
		D93938FB3004064600CF4372 /* Resources */ = {
			isa = PBXResourcesBuildPhase;
			buildActionMask = 2147483647;
			files = (
			);
			runOnlyForDeploymentPostprocessing = 0;
		};
/* End PBXResourcesBuildPhase section */

/* Begin PBXSourcesBuildPhase section */
		D93938DA3004064400CF4372 /* Sources */ = {
			isa = PBXSourcesBuildPhase;
			buildActionMask = 2147483647;
			files = (
				D9C187A630065C3700BFF8E9 /* TestModels.swift in Sources */,
				CECC20DA3007BE6800DC450D /* PhoneFieldViewModel.swift in Sources */,
				CE8AFF18300712FC0064CC6C /* Font.swift in Sources */,
				CE8AFF19300712FC0064CC6C /* Colors.swift in Sources */,
				D9C187C830066A4F00BFF8E9 /* Ex.swift in Sources */,
				D93938EE3004064600CF4372 /* Career_Pilot_iOS.xcdatamodeld in Sources */,
				D93938EB3004064600CF4372 /* Persistence.swift in Sources */,
				41AC14ED3007631C00502158 /* OTPBoxView.swift in Sources */,
				D9C1879330065AF100BFF8E9 /* Repo.swift in Sources */,
				CECC20D03007AD1200DC450D /* PhoneFieldState.swift in Sources */,
				41AC14EF30076D5500502158 /* CustomSearchTextField.swift in Sources */,
				D9C187A230065C2200BFF8E9 /* RemoteDataSource.swift in Sources */,
				D9C187B83006623F00BFF8E9 /* NetworkService.swift in Sources */,
				CECC20D83007B60900DC450D /* AppStrings.swift in Sources */,
				D9C1879530065AFC00BFF8E9 /* UseCases.swift in Sources */,
				CECC20D23007AD2800DC450D /* PhoneValidator.swift in Sources */,
				CECC20D63007AD4E00DC450D /* CountryPickerSheet.swift in Sources */,
				D93938E43004064400CF4372 /* ContentView.swift in Sources */,
				D9C187C430066A4000BFF8E9 /* Storage.swift in Sources */,
				D9C187BE300663F200BFF8E9 /* NetworkError.swift in Sources */,
				D9C187A030065BA700BFF8E9 /* TestLocalDataSource.swift in Sources */,
				CE8AFF1F3007187D0064CC6C /* Spaces.swift in Sources */,
				D9C1879730065B0400BFF8E9 /* Entity.swift in Sources */,
				D93938E23004064400CF4372 /* Career_Pilot_iOSApp.swift in Sources */,
				D9C187AA30065C8700BFF8E9 /* AuthViewModel.swift in Sources */,
				D9C187C630066A4800BFF8E9 /* Routin.swift in Sources */,
				D9C1879E30065B9800BFF8E9 /* TestDao.swift in Sources */,
				41AC14EB3007626A00502158 /* OTPCodeView.swift in Sources */,
				CE8AFF1D300718670064CC6C /* Round.swift in Sources */,
				D9C187CF30066B2800BFF8E9 /* style.swift in Sources */,
				D9C187B33006618500BFF8E9 /* DIContainer.swift in Sources */,
				D9C187BB300662F000BFF8E9 /* HTTPMethod.swift in Sources */,
				CECC20D43007AD3A00DC450D /* CountryCode.swift in Sources */,
				D9C187AF300660D100BFF8E9 /* APIEndpoint.swift in Sources */,
				D9C187A430065C2B00BFF8E9 /* RepoImp.swift in Sources */,
				CE8AFF22300726660064CC6C /* PhoneTextField.swift in Sources */,
				D9C1878A30065AA400BFF8E9 /* AuthView.swift in Sources */,
			);
			runOnlyForDeploymentPostprocessing = 0;
		};
		D93938EF3004064600CF4372 /* Sources */ = {
			isa = PBXSourcesBuildPhase;
			buildActionMask = 2147483647;
			files = (
				D93938F83004064600CF4372 /* Career_Pilot_iOSTests.swift in Sources */,
			);
			runOnlyForDeploymentPostprocessing = 0;
		};
		D93938F93004064600CF4372 /* Sources */ = {
			isa = PBXSourcesBuildPhase;
			buildActionMask = 2147483647;
			files = (
				D93939023004064600CF4372 /* Career_Pilot_iOSUITests.swift in Sources */,
				D93939043004064600CF4372 /* Career_Pilot_iOSUITestsLaunchTests.swift in Sources */,
			);
			runOnlyForDeploymentPostprocessing = 0;
		};
/* End PBXSourcesBuildPhase section */

/* Begin PBXTargetDependency section */
		D93938F53004064600CF4372 /* PBXTargetDependency */ = {
			isa = PBXTargetDependency;
			target = D93938DD3004064400CF4372 /* Career-Pilot-iOS */;
			targetProxy = D93938F43004064600CF4372 /* PBXContainerItemProxy */;
		};
		D93938FF3004064600CF4372 /* PBXTargetDependency */ = {
			isa = PBXTargetDependency;
			target = D93938DD3004064400CF4372 /* Career-Pilot-iOS */;
			targetProxy = D93938FE3004064600CF4372 /* PBXContainerItemProxy */;
		};
/* End PBXTargetDependency section */

/* Begin PBXVariantGroup section */
		CECC20DB3007C59F00DC450D /* Localizable.strings */ = {
			isa = PBXVariantGroup;
			children = (
				CECC20DC3007C59F00DC450D /* en */,
			);
			name = Localizable.strings;
			sourceTree = "<group>";
		};
/* End PBXVariantGroup section */

/* Begin XCBuildConfiguration section */
		D93939053004064600CF4372 /* Debug */ = {
			isa = XCBuildConfiguration;
			buildSettings = {
				ALWAYS_SEARCH_USER_PATHS = NO;
				CLANG_ANALYZER_NONNULL = YES;
				CLANG_ANALYZER_NUMBER_OBJECT_CONVERSION = YES_AGGRESSIVE;
				CLANG_CXX_LANGUAGE_STANDARD = "gnu++20";
				CLANG_ENABLE_MODULES = YES;
				CLANG_ENABLE_OBJC_ARC = YES;
				CLANG_ENABLE_OBJC_WEAK = YES;
				CLANG_WARN_BLOCK_CAPTURE_AUTORELEASING = YES;
				CLANG_WARN_BOOL_CONVERSION = YES;
				CLANG_WARN_COMMA = YES;
				CLANG_WARN_CONSTANT_CONVERSION = YES;
				CLANG_WARN_DEPRECATED_OBJC_IMPLEMENTATIONS = YES;
				CLANG_WARN_DIRECT_OBJC_ISA_USAGE = YES_ERROR;
				CLANG_WARN_DOCUMENTATION_COMMENTS = YES;
				CLANG_WARN_EMPTY_BODY = YES;
				CLANG_WARN_ENUM_CONVERSION = YES;
				CLANG_WARN_INFINITE_RECURSION = YES;
				CLANG_WARN_INT_CONVERSION = YES;
				CLANG_WARN_NON_LITERAL_NULL_CONVERSION = YES;
				CLANG_WARN_OBJC_IMPLICIT_RETAIN_SELF = YES;
				CLANG_WARN_OBJC_LITERAL_CONVERSION = YES;
				CLANG_WARN_OBJC_ROOT_CLASS = YES_ERROR;
				CLANG_WARN_QUOTED_INCLUDE_IN_FRAMEWORK_HEADER = YES;
				CLANG_WARN_RANGE_LOOP_ANALYSIS = YES;
				CLANG_WARN_STRICT_PROTOTYPES = YES;
				CLANG_WARN_SUSPICIOUS_MOVE = YES;
				CLANG_WARN_UNGUARDED_AVAILABILITY = YES_AGGRESSIVE;
				CLANG_WARN_UNREACHABLE_CODE = YES;
				CLANG_WARN__DUPLICATE_METHOD_MATCH = YES;
				COPY_PHASE_STRIP = NO;
				DEBUG_INFORMATION_FORMAT = dwarf;
				ENABLE_STRICT_OBJC_MSGSEND = YES;
				ENABLE_TESTABILITY = YES;
				GCC_C_LANGUAGE_STANDARD = gnu11;
				GCC_DYNAMIC_NO_PIC = NO;
				GCC_NO_COMMON_BLOCKS = YES;
				GCC_OPTIMIZATION_LEVEL = 0;
				GCC_PREPROCESSOR_DEFINITIONS = (
					"DEBUG=1",
					"$(inherited)",
				);
				GCC_WARN_64_TO_32_BIT_CONVERSION = YES;
				GCC_WARN_ABOUT_RETURN_TYPE = YES_ERROR;
				GCC_WARN_UNDECLARED_SELECTOR = YES;
				GCC_WARN_UNINITIALIZED_AUTOS = YES_AGGRESSIVE;
				GCC_WARN_UNUSED_FUNCTION = YES;
				GCC_WARN_UNUSED_VARIABLE = YES;
				IPHONEOS_DEPLOYMENT_TARGET = 16.2;
				MTL_ENABLE_DEBUG_INFO = INCLUDE_SOURCE;
				MTL_FAST_MATH = YES;
				ONLY_ACTIVE_ARCH = YES;
				SDKROOT = iphoneos;
				SWIFT_ACTIVE_COMPILATION_CONDITIONS = DEBUG;
				SWIFT_OPTIMIZATION_LEVEL = "-Onone";
			};
			name = Debug;
		};
		D93939063004064600CF4372 /* Release */ = {
			isa = XCBuildConfiguration;
			buildSettings = {
				ALWAYS_SEARCH_USER_PATHS = NO;
				CLANG_ANALYZER_NONNULL = YES;
				CLANG_ANALYZER_NUMBER_OBJECT_CONVERSION = YES_AGGRESSIVE;
				CLANG_CXX_LANGUAGE_STANDARD = "gnu++20";
				CLANG_ENABLE_MODULES = YES;
				CLANG_ENABLE_OBJC_ARC = YES;
				CLANG_ENABLE_OBJC_WEAK = YES;
				CLANG_WARN_BLOCK_CAPTURE_AUTORELEASING = YES;
				CLANG_WARN_BOOL_CONVERSION = YES;
				CLANG_WARN_COMMA = YES;
				CLANG_WARN_CONSTANT_CONVERSION = YES;
				CLANG_WARN_DEPRECATED_OBJC_IMPLEMENTATIONS = YES;
				CLANG_WARN_DIRECT_OBJC_ISA_USAGE = YES_ERROR;
				CLANG_WARN_DOCUMENTATION_COMMENTS = YES;
				CLANG_WARN_EMPTY_BODY = YES;
				CLANG_WARN_ENUM_CONVERSION = YES;
				CLANG_WARN_INFINITE_RECURSION = YES;
				CLANG_WARN_INT_CONVERSION = YES;
				CLANG_WARN_NON_LITERAL_NULL_CONVERSION = YES;
				CLANG_WARN_OBJC_IMPLICIT_RETAIN_SELF = YES;
				CLANG_WARN_OBJC_LITERAL_CONVERSION = YES;
				CLANG_WARN_OBJC_ROOT_CLASS = YES_ERROR;
				CLANG_WARN_QUOTED_INCLUDE_IN_FRAMEWORK_HEADER = YES;
				CLANG_WARN_RANGE_LOOP_ANALYSIS = YES;
				CLANG_WARN_STRICT_PROTOTYPES = YES;
				CLANG_WARN_SUSPICIOUS_MOVE = YES;
				CLANG_WARN_UNGUARDED_AVAILABILITY = YES_AGGRESSIVE;
				CLANG_WARN_UNREACHABLE_CODE = YES;
				CLANG_WARN__DUPLICATE_METHOD_MATCH = YES;
				COPY_PHASE_STRIP = NO;
				DEBUG_INFORMATION_FORMAT = "dwarf-with-dsym";
				ENABLE_NS_ASSERTIONS = NO;
				ENABLE_STRICT_OBJC_MSGSEND = YES;
				GCC_C_LANGUAGE_STANDARD = gnu11;
				GCC_NO_COMMON_BLOCKS = YES;
				GCC_WARN_64_TO_32_BIT_CONVERSION = YES;
				GCC_WARN_ABOUT_RETURN_TYPE = YES_ERROR;
				GCC_WARN_UNDECLARED_SELECTOR = YES;
				GCC_WARN_UNINITIALIZED_AUTOS = YES_AGGRESSIVE;
				GCC_WARN_UNUSED_FUNCTION = YES;
				GCC_WARN_UNUSED_VARIABLE = YES;
				IPHONEOS_DEPLOYMENT_TARGET = 16.2;
				MTL_ENABLE_DEBUG_INFO = NO;
				MTL_FAST_MATH = YES;
				SDKROOT = iphoneos;
				SWIFT_COMPILATION_MODE = wholemodule;
				SWIFT_OPTIMIZATION_LEVEL = "-O";
				VALIDATE_PRODUCT = YES;
			};
			name = Release;
		};
		D93939083004064600CF4372 /* Debug */ = {
			isa = XCBuildConfiguration;
			buildSettings = {
				ASSETCATALOG_COMPILER_APPICON_NAME = AppIcon;
				ASSETCATALOG_COMPILER_GLOBAL_ACCENT_COLOR_NAME = AccentColor;
				CODE_SIGN_STYLE = Automatic;
				CURRENT_PROJECT_VERSION = 1;
				DEVELOPMENT_ASSET_PATHS = "\"Career-Pilot-iOS/Preview Content\"";
				ENABLE_PREVIEWS = YES;
				GENERATE_INFOPLIST_FILE = YES;
				INFOPLIST_KEY_UIApplicationSceneManifest_Generation = YES;
				INFOPLIST_KEY_UIApplicationSupportsIndirectInputEvents = YES;
				INFOPLIST_KEY_UILaunchScreen_Generation = YES;
				INFOPLIST_KEY_UISupportedInterfaceOrientations_iPad = "UIInterfaceOrientationPortrait UIInterfaceOrientationPortraitUpsideDown UIInterfaceOrientationLandscapeLeft UIInterfaceOrientationLandscapeRight";
				INFOPLIST_KEY_UISupportedInterfaceOrientations_iPhone = "UIInterfaceOrientationPortrait UIInterfaceOrientationLandscapeLeft UIInterfaceOrientationLandscapeRight";
				LD_RUNPATH_SEARCH_PATHS = (
					"$(inherited)",
					"@executable_path/Frameworks",
				);
				MARKETING_VERSION = 1.0;
				PRODUCT_BUNDLE_IDENTIFIER = "com.iti.Career-Pilot-iOS";
				PRODUCT_NAME = "$(TARGET_NAME)";
				SWIFT_EMIT_LOC_STRINGS = YES;
				SWIFT_VERSION = 5.0;
				TARGETED_DEVICE_FAMILY = "1,2";
			};
			name = Debug;
		};
		D93939093004064600CF4372 /* Release */ = {
			isa = XCBuildConfiguration;
			buildSettings = {
				ASSETCATALOG_COMPILER_APPICON_NAME = AppIcon;
				ASSETCATALOG_COMPILER_GLOBAL_ACCENT_COLOR_NAME = AccentColor;
				CODE_SIGN_STYLE = Automatic;
				CURRENT_PROJECT_VERSION = 1;
				DEVELOPMENT_ASSET_PATHS = "\"Career-Pilot-iOS/Preview Content\"";
				ENABLE_PREVIEWS = YES;
				GENERATE_INFOPLIST_FILE = YES;
				INFOPLIST_KEY_UIApplicationSceneManifest_Generation = YES;
				INFOPLIST_KEY_UIApplicationSupportsIndirectInputEvents = YES;
				INFOPLIST_KEY_UILaunchScreen_Generation = YES;
				INFOPLIST_KEY_UISupportedInterfaceOrientations_iPad = "UIInterfaceOrientationPortrait UIInterfaceOrientationPortraitUpsideDown UIInterfaceOrientationLandscapeLeft UIInterfaceOrientationLandscapeRight";
				INFOPLIST_KEY_UISupportedInterfaceOrientations_iPhone = "UIInterfaceOrientationPortrait UIInterfaceOrientationLandscapeLeft UIInterfaceOrientationLandscapeRight";
				LD_RUNPATH_SEARCH_PATHS = (
					"$(inherited)",
					"@executable_path/Frameworks",
				);
				MARKETING_VERSION = 1.0;
				PRODUCT_BUNDLE_IDENTIFIER = "com.iti.Career-Pilot-iOS";
				PRODUCT_NAME = "$(TARGET_NAME)";
				SWIFT_EMIT_LOC_STRINGS = YES;
				SWIFT_VERSION = 5.0;
				TARGETED_DEVICE_FAMILY = "1,2";
			};
			name = Release;
		};
		D939390B3004064600CF4372 /* Debug */ = {
			isa = XCBuildConfiguration;
			buildSettings = {
				ALWAYS_EMBED_SWIFT_STANDARD_LIBRARIES = YES;
				BUNDLE_LOADER = "$(TEST_HOST)";
				CODE_SIGN_STYLE = Automatic;
				CURRENT_PROJECT_VERSION = 1;
				GENERATE_INFOPLIST_FILE = YES;
				IPHONEOS_DEPLOYMENT_TARGET = 16.2;
				MARKETING_VERSION = 1.0;
				PRODUCT_BUNDLE_IDENTIFIER = "com.iti.Career-Pilot-iOSTests";
				PRODUCT_NAME = "$(TARGET_NAME)";
				SWIFT_EMIT_LOC_STRINGS = NO;
				SWIFT_VERSION = 5.0;
				TARGETED_DEVICE_FAMILY = "1,2";
				TEST_HOST = "$(BUILT_PRODUCTS_DIR)/Career-Pilot-iOS.app/$(BUNDLE_EXECUTABLE_FOLDER_PATH)/Career-Pilot-iOS";
			};
			name = Debug;
		};
		D939390C3004064600CF4372 /* Release */ = {
			isa = XCBuildConfiguration;
			buildSettings = {
				ALWAYS_EMBED_SWIFT_STANDARD_LIBRARIES = YES;
				BUNDLE_LOADER = "$(TEST_HOST)";
				CODE_SIGN_STYLE = Automatic;
				CURRENT_PROJECT_VERSION = 1;
				GENERATE_INFOPLIST_FILE = YES;
				IPHONEOS_DEPLOYMENT_TARGET = 16.2;
				MARKETING_VERSION = 1.0;
				PRODUCT_BUNDLE_IDENTIFIER = "com.iti.Career-Pilot-iOSTests";
				PRODUCT_NAME = "$(TARGET_NAME)";
				SWIFT_EMIT_LOC_STRINGS = NO;
				SWIFT_VERSION = 5.0;
				TARGETED_DEVICE_FAMILY = "1,2";
				TEST_HOST = "$(BUILT_PRODUCTS_DIR)/Career-Pilot-iOS.app/$(BUNDLE_EXECUTABLE_FOLDER_PATH)/Career-Pilot-iOS";
			};
			name = Release;
		};
		D939390E3004064600CF4372 /* Debug */ = {
			isa = XCBuildConfiguration;
			buildSettings = {
				ALWAYS_EMBED_SWIFT_STANDARD_LIBRARIES = YES;
				CODE_SIGN_STYLE = Automatic;
				CURRENT_PROJECT_VERSION = 1;
				GENERATE_INFOPLIST_FILE = YES;
				MARKETING_VERSION = 1.0;
				PRODUCT_BUNDLE_IDENTIFIER = "com.iti.Career-Pilot-iOSUITests";
				PRODUCT_NAME = "$(TARGET_NAME)";
				SWIFT_EMIT_LOC_STRINGS = NO;
				SWIFT_VERSION = 5.0;
				TARGETED_DEVICE_FAMILY = "1,2";
				TEST_TARGET_NAME = "Career-Pilot-iOS";
			};
			name = Debug;
		};
		D939390F3004064600CF4372 /* Release */ = {
			isa = XCBuildConfiguration;
			buildSettings = {
				ALWAYS_EMBED_SWIFT_STANDARD_LIBRARIES = YES;
				CODE_SIGN_STYLE = Automatic;
				CURRENT_PROJECT_VERSION = 1;
				GENERATE_INFOPLIST_FILE = YES;
				MARKETING_VERSION = 1.0;
				PRODUCT_BUNDLE_IDENTIFIER = "com.iti.Career-Pilot-iOSUITests";
				PRODUCT_NAME = "$(TARGET_NAME)";
				SWIFT_EMIT_LOC_STRINGS = NO;
				SWIFT_VERSION = 5.0;
				TARGETED_DEVICE_FAMILY = "1,2";
				TEST_TARGET_NAME = "Career-Pilot-iOS";
			};
			name = Release;
		};
/* End XCBuildConfiguration section */

/* Begin XCConfigurationList section */
		D93938D93004064400CF4372 /* Build configuration list for PBXProject "Career-Pilot-iOS" */ = {
			isa = XCConfigurationList;
			buildConfigurations = (
				D93939053004064600CF4372 /* Debug */,
				D93939063004064600CF4372 /* Release */,
			);
			defaultConfigurationIsVisible = 0;
			defaultConfigurationName = Release;
		};
		D93939073004064600CF4372 /* Build configuration list for PBXNativeTarget "Career-Pilot-iOS" */ = {
			isa = XCConfigurationList;
			buildConfigurations = (
				D93939083004064600CF4372 /* Debug */,
				D93939093004064600CF4372 /* Release */,
			);
			defaultConfigurationIsVisible = 0;
			defaultConfigurationName = Release;
		};
		D939390A3004064600CF4372 /* Build configuration list for PBXNativeTarget "Career-Pilot-iOSTests" */ = {
			isa = XCConfigurationList;
			buildConfigurations = (
				D939390B3004064600CF4372 /* Debug */,
				D939390C3004064600CF4372 /* Release */,
			);
			defaultConfigurationIsVisible = 0;
			defaultConfigurationName = Release;
		};
		D939390D3004064600CF4372 /* Build configuration list for PBXNativeTarget "Career-Pilot-iOSUITests" */ = {
			isa = XCConfigurationList;
			buildConfigurations = (
				D939390E3004064600CF4372 /* Debug */,
				D939390F3004064600CF4372 /* Release */,
			);
			defaultConfigurationIsVisible = 0;
			defaultConfigurationName = Release;
		};
/* End XCConfigurationList section */

/* Begin XCVersionGroup section */
		D93938EC3004064600CF4372 /* Career_Pilot_iOS.xcdatamodeld */ = {
			isa = XCVersionGroup;
			children = (
				D93938ED3004064600CF4372 /* Career_Pilot_iOS.xcdatamodel */,
			);
			currentVersion = D93938ED3004064600CF4372 /* Career_Pilot_iOS.xcdatamodel */;
			path = Career_Pilot_iOS.xcdatamodeld;
			sourceTree = "<group>";
			versionGroupType = wrapper.xcdatamodel;
		};
/* End XCVersionGroup section */
	};
	rootObject = D93938D63004064400CF4372 /* Project object */;
}
