// !$*UTF8*$!
{
	archiveVersion = 1;
	classes = {
	};
	objectVersion = 56;
	objects = {

/* Begin PBXBuildFile section */
		41AC14EF30076D5500502158 /* CustomSearchTextField.swift in Sources */ = {isa = PBXBuildFile; fileRef = 41AC14EE30076D5500502158 /* CustomSearchTextField.swift */; };
		41C6A2363008008D0035EFBF /* SendingOTPCodeView.swift in Sources */ = {isa = PBXBuildFile; fileRef = 41C6A2353008008D0035EFBF /* SendingOTPCodeView.swift */; };
		41C6A238300804650035EFBF /* SoundWaveView.swift in Sources */ = {isa = PBXBuildFile; fileRef = 41C6A237300804650035EFBF /* SoundWaveView.swift */; };
		41C6A23A30080AE10035EFBF /* SuccessOTPCodeView.swift in Sources */ = {isa = PBXBuildFile; fileRef = 41C6A23930080AE10035EFBF /* SuccessOTPCodeView.swift */; };
		41C6A23C30080BDA0035EFBF /* OTPView.swift in Sources */ = {isa = PBXBuildFile; fileRef = 41C6A23B30080BDA0035EFBF /* OTPView.swift */; };
		41C6A23E30083FDB0035EFBF /* PhoneEntryView.swift in Sources */ = {isa = PBXBuildFile; fileRef = 41C6A23D30083FDB0035EFBF /* PhoneEntryView.swift */; };
		41C6A2403008609C0035EFBF /* AppRoute.swift in Sources */ = {isa = PBXBuildFile; fileRef = 41C6A23F3008609C0035EFBF /* AppRoute.swift */; };
		41D69D29300A7BEF00294D94 /* User.swift in Sources */ = {isa = PBXBuildFile; fileRef = 41D69D25300A7BEF00294D94 /* User.swift */; };
		41D69D2A300A7BEF00294D94 /* UserProfile.swift in Sources */ = {isa = PBXBuildFile; fileRef = 41D69D26300A7BEF00294D94 /* UserProfile.swift */; };
		41D69D31300A7C0700294D94 /* UserDTO.swift in Sources */ = {isa = PBXBuildFile; fileRef = 41D69D2B300A7C0600294D94 /* UserDTO.swift */; };
		41D69D32300A7C0700294D94 /* UserProfileDTO.swift in Sources */ = {isa = PBXBuildFile; fileRef = 41D69D2C300A7C0600294D94 /* UserProfileDTO.swift */; };
		41D69D33300A7C0700294D94 /* UserDTO+Mapping.swift in Sources */ = {isa = PBXBuildFile; fileRef = 41D69D2E300A7C0700294D94 /* UserDTO+Mapping.swift */; };
		41D69D34300A7C0700294D94 /* UserProfileDTO+Mapping.swift in Sources */ = {isa = PBXBuildFile; fileRef = 41D69D2F300A7C0700294D94 /* UserProfileDTO+Mapping.swift */; };
		616CAD0430080EEC007FC4AF /* SettingsVIew.swift in Sources */ = {isa = PBXBuildFile; fileRef = 616CAD0330080EEC007FC4AF /* SettingsVIew.swift */; };
		616CAD0730080FDE007FC4AF /* ProfileCard.swift in Sources */ = {isa = PBXBuildFile; fileRef = 616CAD0630080FDE007FC4AF /* ProfileCard.swift */; };
		616CAD0930081C62007FC4AF /* SettingsCard.swift in Sources */ = {isa = PBXBuildFile; fileRef = 616CAD0830081C62007FC4AF /* SettingsCard.swift */; };
		616CAD0C30081EF4007FC4AF /* AcoountSettingsView.swift in Sources */ = {isa = PBXBuildFile; fileRef = 616CAD0B30081EF4007FC4AF /* AcoountSettingsView.swift */; };
		616CAD0E30082441007FC4AF /* SupportAndLeagalSettingsView.swift in Sources */ = {isa = PBXBuildFile; fileRef = 616CAD0D30082441007FC4AF /* SupportAndLeagalSettingsView.swift */; };
		61D8F2E6300750FC0088F170 /* profile.swift in Sources */ = {isa = PBXBuildFile; fileRef = 61D8F2E5300750FC0088F170 /* profile.swift */; };
		61D8F2F03007523E0088F170 /* HeaderView.swift in Sources */ = {isa = PBXBuildFile; fileRef = 61D8F2EF3007523E0088F170 /* HeaderView.swift */; };
		61D8F2F23007543A0088F170 /* Assets.xcassets in Resources */ = {isa = PBXBuildFile; fileRef = 61D8F2F13007543A0088F170 /* Assets.xcassets */; };
		61D8F2F6300760680088F170 /* ProfileForm.swift in Sources */ = {isa = PBXBuildFile; fileRef = 61D8F2F5300760680088F170 /* ProfileForm.swift */; };
		61D8F2F8300761200088F170 /* CustomProfileTextField.swift in Sources */ = {isa = PBXBuildFile; fileRef = 61D8F2F7300761200088F170 /* CustomProfileTextField.swift */; };
		61D8F2FA300778520088F170 /* SkillTag.swift in Sources */ = {isa = PBXBuildFile; fileRef = 61D8F2F9300778520088F170 /* SkillTag.swift */; };
		61D8F2FC300779ED0088F170 /* Flowlayout.swift in Sources */ = {isa = PBXBuildFile; fileRef = 61D8F2FB300779ED0088F170 /* Flowlayout.swift */; };
		61D8F2FF30077A410088F170 /* UserData.swift in Sources */ = {isa = PBXBuildFile; fileRef = 61D8F2FE30077A410088F170 /* UserData.swift */; };
		61D8F303300780C50088F170 /* FreeSessionBanner.swift in Sources */ = {isa = PBXBuildFile; fileRef = 61D8F302300780C50088F170 /* FreeSessionBanner.swift */; };
		CE12F3C030093CE40083D66D /* SessionData.swift in Sources */ = {isa = PBXBuildFile; fileRef = CE12F3BF30093CE40083D66D /* SessionData.swift */; };
		CE12F3C230093ED30083D66D /* HomeViewModel.swift in Sources */ = {isa = PBXBuildFile; fileRef = CE12F3C130093ED30083D66D /* HomeViewModel.swift */; };
		CE12F3C4300940CE0083D66D /* Shimmer.swift in Sources */ = {isa = PBXBuildFile; fileRef = CE12F3C3300940CE0083D66D /* Shimmer.swift */; };
		CE12F3C830094FB50083D66D /* OTPBoxView.swift in Sources */ = {isa = PBXBuildFile; fileRef = CE12F3C530094FB50083D66D /* OTPBoxView.swift */; };
		CE12F3C930094FB50083D66D /* OTPCodeView.swift in Sources */ = {isa = PBXBuildFile; fileRef = CE12F3C630094FB50083D66D /* OTPCodeView.swift */; };
		CE8AFF18300712FC0064CC6C /* Font.swift in Sources */ = {isa = PBXBuildFile; fileRef = CE8AFF15300712FC0064CC6C /* Font.swift */; };
		CE8AFF19300712FC0064CC6C /* Colors.swift in Sources */ = {isa = PBXBuildFile; fileRef = CE8AFF14300712FC0064CC6C /* Colors.swift */; };
		CE8AFF1D300718670064CC6C /* Round.swift in Sources */ = {isa = PBXBuildFile; fileRef = CE8AFF1C300718670064CC6C /* Round.swift */; };
		CE8AFF1F3007187D0064CC6C /* Spaces.swift in Sources */ = {isa = PBXBuildFile; fileRef = CE8AFF1E3007187D0064CC6C /* Spaces.swift */; };
		CE8AFF22300726660064CC6C /* PhoneTextField.swift in Sources */ = {isa = PBXBuildFile; fileRef = CE8AFF21300726660064CC6C /* PhoneTextField.swift */; };
		CECC20D03007AD1200DC450D /* PhoneFieldState.swift in Sources */ = {isa = PBXBuildFile; fileRef = CECC20CF3007AD1200DC450D /* PhoneFieldState.swift */; };
		CECC20D23007AD2800DC450D /* PhoneValidator.swift in Sources */ = {isa = PBXBuildFile; fileRef = CECC20D13007AD2800DC450D /* PhoneValidator.swift */; };
		CECC20D43007AD3A00DC450D /* CountryCode.swift in Sources */ = {isa = PBXBuildFile; fileRef = CECC20D33007AD3A00DC450D /* CountryCode.swift */; };
		CECC20D63007AD4E00DC450D /* CountryPickerSheet.swift in Sources */ = {isa = PBXBuildFile; fileRef = CECC20D53007AD4E00DC450D /* CountryPickerSheet.swift */; };
		CECC20D83007B60900DC450D /* AppStrings.swift in Sources */ = {isa = PBXBuildFile; fileRef = CECC20D73007B60900DC450D /* AppStrings.swift */; };
		CECC20DA3007BE6800DC450D /* PhoneFieldViewModel.swift in Sources */ = {isa = PBXBuildFile; fileRef = CECC20D93007BE6800DC450D /* PhoneFieldViewModel.swift */; };
		CECC20DD3007C59F00DC450D /* Localizable.strings in Resources */ = {isa = PBXBuildFile; fileRef = CECC20DB3007C59F00DC450D /* Localizable.strings */; };
		CECC20E23007DB1B00DC450D /* WaitingIndicatorState.swift in Sources */ = {isa = PBXBuildFile; fileRef = CECC20E13007DB1B00DC450D /* WaitingIndicatorState.swift */; };
		CECC20E43007DB2C00DC450D /* WaitingStateView.swift in Sources */ = {isa = PBXBuildFile; fileRef = CECC20E33007DB2C00DC450D /* WaitingStateView.swift */; };
		CECC20E63007DB3D00DC450D /* PulsingIconBadge.swift in Sources */ = {isa = PBXBuildFile; fileRef = CECC20E53007DB3D00DC450D /* PulsingIconBadge.swift */; };
		CECC20E83007DB4D00DC450D /* WaveformBars.swift in Sources */ = {isa = PBXBuildFile; fileRef = CECC20E73007DB4D00DC450D /* WaveformBars.swift */; };
		CECC20EA3007DB5E00DC450D /* ShakeEffect.swift in Sources */ = {isa = PBXBuildFile; fileRef = CECC20E93007DB5E00DC450D /* ShakeEffect.swift */; };
		CECC20EC3007DD1D00DC450D /* WaitingStateComponents.swift in Sources */ = {isa = PBXBuildFile; fileRef = CECC20EB3007DD1D00DC450D /* WaitingStateComponents.swift */; };
		CEE62A80300910840071F076 /* HomeView.swift in Sources */ = {isa = PBXBuildFile; fileRef = CEE62A7F300910840071F076 /* HomeView.swift */; };
		CEE62A83300910E90071F076 /* CustomNavigationBar.swift in Sources */ = {isa = PBXBuildFile; fileRef = CEE62A82300910E90071F076 /* CustomNavigationBar.swift */; };
		CEE62A8530091A6B0071F076 /* Image+AppIcons.swift in Sources */ = {isa = PBXBuildFile; fileRef = CEE62A8430091A6B0071F076 /* Image+AppIcons.swift */; };
		CEE62A8730091FD10071F076 /* MainTabBarView.swift in Sources */ = {isa = PBXBuildFile; fileRef = CEE62A8630091FD10071F076 /* MainTabBarView.swift */; };
		CEE62A89300920070071F076 /* PracticeView.swift in Sources */ = {isa = PBXBuildFile; fileRef = CEE62A88300920070071F076 /* PracticeView.swift */; };
		CEE62A8B3009201C0071F076 /* ReportsView.swift in Sources */ = {isa = PBXBuildFile; fileRef = CEE62A8A3009201C0071F076 /* ReportsView.swift */; };
		CEE62A8D3009202F0071F076 /* SettingsView.swift in Sources */ = {isa = PBXBuildFile; fileRef = CEE62A8C3009202F0071F076 /* SettingsView.swift */; };
		CEE62A933009296E0071F076 /* SubscriptionCard.swift in Sources */ = {isa = PBXBuildFile; fileRef = CEE62A923009296E0071F076 /* SubscriptionCard.swift */; };
		CEE62A95300929830071F076 /* ProgressCard.swift in Sources */ = {isa = PBXBuildFile; fileRef = CEE62A94300929830071F076 /* ProgressCard.swift */; };
		CEE62A97300929960071F076 /* PracticeCard.swift in Sources */ = {isa = PBXBuildFile; fileRef = CEE62A96300929960071F076 /* PracticeCard.swift */; };
		CEE62A99300929A70071F076 /* SessionRow.swift in Sources */ = {isa = PBXBuildFile; fileRef = CEE62A98300929A70071F076 /* SessionRow.swift */; };
		D935DFCB30078012009DF855 /* CustomButton.swift in Sources */ = {isa = PBXBuildFile; fileRef = D935DFCA30078012009DF855 /* CustomButton.swift */; };
		D935DFCF300789EF009DF855 /* CvUploadingView.swift in Sources */ = {isa = PBXBuildFile; fileRef = D935DFCE300789EF009DF855 /* CvUploadingView.swift */; };
		D935DFFA30080448009DF855 /* OnBordingView.swift in Sources */ = {isa = PBXBuildFile; fileRef = D935DFF930080448009DF855 /* OnBordingView.swift */; };
		D935DFFC3008045A009DF855 /* OnBordingViewModel.swift in Sources */ = {isa = PBXBuildFile; fileRef = D935DFFB3008045A009DF855 /* OnBordingViewModel.swift */; };
		D935DFFF30082AA9009DF855 /* UploadCvView.swift in Sources */ = {isa = PBXBuildFile; fileRef = D935DFFE30082AA9009DF855 /* UploadCvView.swift */; };
		D93938E23004064400CF4372 /* Career_Pilot_iOSApp.swift in Sources */ = {isa = PBXBuildFile; fileRef = D93938E13004064400CF4372 /* Career_Pilot_iOSApp.swift */; };
		D93938E43004064400CF4372 /* ContentView.swift in Sources */ = {isa = PBXBuildFile; fileRef = D93938E33004064400CF4372 /* ContentView.swift */; };
		D93938E93004064600CF4372 /* Preview Assets.xcassets in Resources */ = {isa = PBXBuildFile; fileRef = D93938E83004064600CF4372 /* Preview Assets.xcassets */; };
		D93938EB3004064600CF4372 /* Persistence.swift in Sources */ = {isa = PBXBuildFile; fileRef = D93938EA3004064600CF4372 /* Persistence.swift */; };
		D93938EE3004064600CF4372 /* Career_Pilot_iOS.xcdatamodeld in Sources */ = {isa = PBXBuildFile; fileRef = D93938EC3004064600CF4372 /* Career_Pilot_iOS.xcdatamodeld */; };
		D93938F83004064600CF4372 /* Career_Pilot_iOSTests.swift in Sources */ = {isa = PBXBuildFile; fileRef = D93938F73004064600CF4372 /* Career_Pilot_iOSTests.swift */; };
		D93939023004064600CF4372 /* Career_Pilot_iOSUITests.swift in Sources */ = {isa = PBXBuildFile; fileRef = D93939013004064600CF4372 /* Career_Pilot_iOSUITests.swift */; };
		D93939043004064600CF4372 /* Career_Pilot_iOSUITestsLaunchTests.swift in Sources */ = {isa = PBXBuildFile; fileRef = D93939033004064600CF4372 /* Career_Pilot_iOSUITestsLaunchTests.swift */; };
		D98A79703008D9A300DFDC6B /* CvViewInfo.swift in Sources */ = {isa = PBXBuildFile; fileRef = D98A796F3008D9A300DFDC6B /* CvViewInfo.swift */; };
		D98A79733008DB2F00DFDC6B /* ChoseTrackView.swift in Sources */ = {isa = PBXBuildFile; fileRef = D98A79723008DB2F00DFDC6B /* ChoseTrackView.swift */; };
		D98A79753008DFD800DFDC6B /* Track.swift in Sources */ = {isa = PBXBuildFile; fileRef = D98A79743008DFD800DFDC6B /* Track.swift */; };
		D98A79773008E19900DFDC6B /* TrackChip.swift in Sources */ = {isa = PBXBuildFile; fileRef = D98A79763008E19900DFDC6B /* TrackChip.swift */; };
		D98A79793008EB9200DFDC6B /* ChoseTrackViewInfo.swift in Sources */ = {isa = PBXBuildFile; fileRef = D98A79783008EB9200DFDC6B /* ChoseTrackViewInfo.swift */; };
		D98A797D300903BF00DFDC6B /* UploadeCvErrors.swift in Sources */ = {isa = PBXBuildFile; fileRef = D98A797C300903BF00DFDC6B /* UploadeCvErrors.swift */; };
		D98A797F3009084000DFDC6B /* OnBordingErrorState.swift in Sources */ = {isa = PBXBuildFile; fileRef = D98A797E3009084000DFDC6B /* OnBordingErrorState.swift */; };
		D9A2857A300A5CFB00ABB5BD /* UploadCvUseCase.swift in Sources */ = {isa = PBXBuildFile; fileRef = D9A28579300A5CFB00ABB5BD /* UploadCvUseCase.swift */; };
		D9A2857D300A5E0300ABB5BD /* UploadCvRequest+Response.swift in Sources */ = {isa = PBXBuildFile; fileRef = D9A2857C300A5E0300ABB5BD /* UploadCvRequest+Response.swift */; };
		D9A2857F300A604D00ABB5BD /* UserDataRepo.swift in Sources */ = {isa = PBXBuildFile; fileRef = D9A2857E300A604D00ABB5BD /* UserDataRepo.swift */; };
		D9A28581300A61DC00ABB5BD /* UserDataEndPoint.swift in Sources */ = {isa = PBXBuildFile; fileRef = D9A28580300A61DC00ABB5BD /* UserDataEndPoint.swift */; };
		D9A28584300A6CC300ABB5BD /* UserDataRepoImp.swift in Sources */ = {isa = PBXBuildFile; fileRef = D9A28583300A6CC300ABB5BD /* UserDataRepoImp.swift */; };
		D9A28588300A82CE00ABB5BD /* UserDataRemoteDataSource.swift in Sources */ = {isa = PBXBuildFile; fileRef = D9A28587300A82CE00ABB5BD /* UserDataRemoteDataSource.swift */; };
		D9A2858B300A834A00ABB5BD /* CvUplodingApiResponse.swift in Sources */ = {isa = PBXBuildFile; fileRef = D9A2858A300A834A00ABB5BD /* CvUplodingApiResponse.swift */; };
		D9A2858E300A859E00ABB5BD /* CvUplodingApiResponse+Mapping.swift in Sources */ = {isa = PBXBuildFile; fileRef = D9A2858D300A859E00ABB5BD /* CvUplodingApiResponse+Mapping.swift */; };
		D9C09B10300A2B32008C1E58 /* OnBordingIdelState.swift in Sources */ = {isa = PBXBuildFile; fileRef = D9C09B0F300A2B32008C1E58 /* OnBordingIdelState.swift */; };
		D9C1879330065AF100BFF8E9 /* Repo.swift in Sources */ = {isa = PBXBuildFile; fileRef = D9C1879230065AF100BFF8E9 /* Repo.swift */; };
		D9C1879530065AFC00BFF8E9 /* UseCases.swift in Sources */ = {isa = PBXBuildFile; fileRef = D9C1879430065AFC00BFF8E9 /* UseCases.swift */; };
		D9C1879730065B0400BFF8E9 /* Entity.swift in Sources */ = {isa = PBXBuildFile; fileRef = D9C1879630065B0400BFF8E9 /* Entity.swift */; };
		D9C1879E30065B9800BFF8E9 /* TestDao.swift in Sources */ = {isa = PBXBuildFile; fileRef = D9C1879D30065B9800BFF8E9 /* TestDao.swift */; };
		D9C187A030065BA700BFF8E9 /* TestLocalDataSource.swift in Sources */ = {isa = PBXBuildFile; fileRef = D9C1879F30065BA700BFF8E9 /* TestLocalDataSource.swift */; };
		D9C187A230065C2200BFF8E9 /* RemoteDataSource.swift in Sources */ = {isa = PBXBuildFile; fileRef = D9C187A130065C2200BFF8E9 /* RemoteDataSource.swift */; };
		D9C187A430065C2B00BFF8E9 /* RepoImp.swift in Sources */ = {isa = PBXBuildFile; fileRef = D9C187A330065C2B00BFF8E9 /* RepoImp.swift */; };
		D9C187A630065C3700BFF8E9 /* TestModels.swift in Sources */ = {isa = PBXBuildFile; fileRef = D9C187A530065C3600BFF8E9 /* TestModels.swift */; };
		D9C187AA30065C8700BFF8E9 /* AuthViewModel.swift in Sources */ = {isa = PBXBuildFile; fileRef = D9C187A930065C8700BFF8E9 /* AuthViewModel.swift */; };
		D9C187AF300660D100BFF8E9 /* APIEndpoint.swift in Sources */ = {isa = PBXBuildFile; fileRef = D9C187AE300660D100BFF8E9 /* APIEndpoint.swift */; };
		D9C187B33006618500BFF8E9 /* DIContainer.swift in Sources */ = {isa = PBXBuildFile; fileRef = D9C187B23006618500BFF8E9 /* DIContainer.swift */; };
		D9C187B83006623F00BFF8E9 /* NetworkService.swift in Sources */ = {isa = PBXBuildFile; fileRef = D9C187B73006623F00BFF8E9 /* NetworkService.swift */; };
		D9C187BB300662F000BFF8E9 /* HTTPMethod.swift in Sources */ = {isa = PBXBuildFile; fileRef = D9C187BA300662F000BFF8E9 /* HTTPMethod.swift */; };
		D9C187BE300663F200BFF8E9 /* NetworkError.swift in Sources */ = {isa = PBXBuildFile; fileRef = D9C187BD300663F200BFF8E9 /* NetworkError.swift */; };
		D9C187C430066A4000BFF8E9 /* Storage.swift in Sources */ = {isa = PBXBuildFile; fileRef = D9C187C330066A4000BFF8E9 /* Storage.swift */; };
		D9C187C830066A4F00BFF8E9 /* Colors+Extension.swift in Sources */ = {isa = PBXBuildFile; fileRef = D9C187C730066A4F00BFF8E9 /* Colors+Extension.swift */; };
		D9C187CF30066B2800BFF8E9 /* style.swift in Sources */ = {isa = PBXBuildFile; fileRef = D9C187CE30066B2800BFF8E9 /* style.swift */; };
/* End PBXBuildFile section */

/* Begin PBXContainerItemProxy section */
		D93938F43004064600CF4372 /* PBXContainerItemProxy */ = {
			isa = PBXContainerItemProxy;
			containerPortal = D93938D63004064400CF4372 /* Project object */;
			proxyType = 1;
			remoteGlobalIDString = D93938DD3004064400CF4372;
			remoteInfo = "Career-Pilot-iOS";
		};
		D93938FE3004064600CF4372 /* PBXContainerItemProxy */ = {
			isa = PBXContainerItemProxy;
			containerPortal = D93938D63004064400CF4372 /* Project object */;
			proxyType = 1;
			remoteGlobalIDString = D93938DD3004064400CF4372;
			remoteInfo = "Career-Pilot-iOS";
		};
/* End PBXContainerItemProxy section */

/* Begin PBXFileReference section */
		41AC14EE30076D5500502158 /* CustomSearchTextField.swift */ = {isa = PBXFileReference; lastKnownFileType = sourcecode.swift; path = CustomSearchTextField.swift; sourceTree = "<group>"; };
		41C6A2353008008D0035EFBF /* SendingOTPCodeView.swift */ = {isa = PBXFileReference; lastKnownFileType = sourcecode.swift; path = SendingOTPCodeView.swift; sourceTree = "<group>"; };
		41C6A237300804650035EFBF /* SoundWaveView.swift */ = {isa = PBXFileReference; lastKnownFileType = sourcecode.swift; path = SoundWaveView.swift; sourceTree = "<group>"; };
		41C6A23930080AE10035EFBF /* SuccessOTPCodeView.swift */ = {isa = PBXFileReference; lastKnownFileType = sourcecode.swift; path = SuccessOTPCodeView.swift; sourceTree = "<group>"; };
		41C6A23B30080BDA0035EFBF /* OTPView.swift */ = {isa = PBXFileReference; lastKnownFileType = sourcecode.swift; path = OTPView.swift; sourceTree = "<group>"; };
		41C6A23D30083FDB0035EFBF /* PhoneEntryView.swift */ = {isa = PBXFileReference; lastKnownFileType = sourcecode.swift; path = PhoneEntryView.swift; sourceTree = "<group>"; };
		41C6A23F3008609C0035EFBF /* AppRoute.swift */ = {isa = PBXFileReference; lastKnownFileType = sourcecode.swift; path = AppRoute.swift; sourceTree = "<group>"; };
		41D69D25300A7BEF00294D94 /* User.swift */ = {isa = PBXFileReference; fileEncoding = 4; lastKnownFileType = sourcecode.swift; path = User.swift; sourceTree = "<group>"; };
		41D69D26300A7BEF00294D94 /* UserProfile.swift */ = {isa = PBXFileReference; fileEncoding = 4; lastKnownFileType = sourcecode.swift; path = UserProfile.swift; sourceTree = "<group>"; };
		41D69D2B300A7C0600294D94 /* UserDTO.swift */ = {isa = PBXFileReference; fileEncoding = 4; lastKnownFileType = sourcecode.swift; path = UserDTO.swift; sourceTree = "<group>"; };
		41D69D2C300A7C0600294D94 /* UserProfileDTO.swift */ = {isa = PBXFileReference; fileEncoding = 4; lastKnownFileType = sourcecode.swift; path = UserProfileDTO.swift; sourceTree = "<group>"; };
		41D69D2E300A7C0700294D94 /* UserDTO+Mapping.swift */ = {isa = PBXFileReference; fileEncoding = 4; lastKnownFileType = sourcecode.swift; path = "UserDTO+Mapping.swift"; sourceTree = "<group>"; };
		41D69D2F300A7C0700294D94 /* UserProfileDTO+Mapping.swift */ = {isa = PBXFileReference; fileEncoding = 4; lastKnownFileType = sourcecode.swift; path = "UserProfileDTO+Mapping.swift"; sourceTree = "<group>"; };
		616CAD0330080EEC007FC4AF /* SettingsVIew.swift */ = {isa = PBXFileReference; lastKnownFileType = sourcecode.swift; path = SettingsVIew.swift; sourceTree = "<group>"; };
		616CAD0630080FDE007FC4AF /* ProfileCard.swift */ = {isa = PBXFileReference; lastKnownFileType = sourcecode.swift; path = ProfileCard.swift; sourceTree = "<group>"; };
		616CAD0830081C62007FC4AF /* SettingsCard.swift */ = {isa = PBXFileReference; lastKnownFileType = sourcecode.swift; path = SettingsCard.swift; sourceTree = "<group>"; };
		616CAD0B30081EF4007FC4AF /* AcoountSettingsView.swift */ = {isa = PBXFileReference; lastKnownFileType = sourcecode.swift; path = AcoountSettingsView.swift; sourceTree = "<group>"; };
		616CAD0D30082441007FC4AF /* SupportAndLeagalSettingsView.swift */ = {isa = PBXFileReference; lastKnownFileType = sourcecode.swift; path = SupportAndLeagalSettingsView.swift; sourceTree = "<group>"; };
		61D8F2E5300750FC0088F170 /* profile.swift */ = {isa = PBXFileReference; lastKnownFileType = sourcecode.swift; path = profile.swift; sourceTree = "<group>"; };
		61D8F2EF3007523E0088F170 /* HeaderView.swift */ = {isa = PBXFileReference; lastKnownFileType = sourcecode.swift; path = HeaderView.swift; sourceTree = "<group>"; };
		61D8F2F13007543A0088F170 /* Assets.xcassets */ = {isa = PBXFileReference; lastKnownFileType = folder.assetcatalog; name = Assets.xcassets; path = "Career-Pilot-iOS/Assets.xcassets"; sourceTree = SOURCE_ROOT; };
		61D8F2F5300760680088F170 /* ProfileForm.swift */ = {isa = PBXFileReference; lastKnownFileType = sourcecode.swift; path = ProfileForm.swift; sourceTree = "<group>"; };
		61D8F2F7300761200088F170 /* CustomProfileTextField.swift */ = {isa = PBXFileReference; lastKnownFileType = sourcecode.swift; path = CustomProfileTextField.swift; sourceTree = "<group>"; };
		61D8F2F9300778520088F170 /* SkillTag.swift */ = {isa = PBXFileReference; lastKnownFileType = sourcecode.swift; path = SkillTag.swift; sourceTree = "<group>"; };
		61D8F2FB300779ED0088F170 /* Flowlayout.swift */ = {isa = PBXFileReference; lastKnownFileType = sourcecode.swift; path = Flowlayout.swift; sourceTree = "<group>"; };
		61D8F2FE30077A410088F170 /* UserData.swift */ = {isa = PBXFileReference; lastKnownFileType = sourcecode.swift; path = UserData.swift; sourceTree = "<group>"; };
		61D8F302300780C50088F170 /* FreeSessionBanner.swift */ = {isa = PBXFileReference; lastKnownFileType = sourcecode.swift; path = FreeSessionBanner.swift; sourceTree = "<group>"; };
		CE12F3BF30093CE40083D66D /* SessionData.swift */ = {isa = PBXFileReference; lastKnownFileType = sourcecode.swift; path = SessionData.swift; sourceTree = "<group>"; };
		CE12F3C130093ED30083D66D /* HomeViewModel.swift */ = {isa = PBXFileReference; lastKnownFileType = sourcecode.swift; path = HomeViewModel.swift; sourceTree = "<group>"; };
		CE12F3C3300940CE0083D66D /* Shimmer.swift */ = {isa = PBXFileReference; lastKnownFileType = sourcecode.swift; path = Shimmer.swift; sourceTree = "<group>"; };
		CE12F3C530094FB50083D66D /* OTPBoxView.swift */ = {isa = PBXFileReference; lastKnownFileType = sourcecode.swift; path = OTPBoxView.swift; sourceTree = "<group>"; };
		CE12F3C630094FB50083D66D /* OTPCodeView.swift */ = {isa = PBXFileReference; lastKnownFileType = sourcecode.swift; path = OTPCodeView.swift; sourceTree = "<group>"; };
		CE8AFF14300712FC0064CC6C /* Colors.swift */ = {isa = PBXFileReference; lastKnownFileType = sourcecode.swift; path = Colors.swift; sourceTree = "<group>"; };
		CE8AFF15300712FC0064CC6C /* Font.swift */ = {isa = PBXFileReference; lastKnownFileType = sourcecode.swift; path = Font.swift; sourceTree = "<group>"; };
		CE8AFF1C300718670064CC6C /* Round.swift */ = {isa = PBXFileReference; lastKnownFileType = sourcecode.swift; path = Round.swift; sourceTree = "<group>"; };
		CE8AFF1E3007187D0064CC6C /* Spaces.swift */ = {isa = PBXFileReference; lastKnownFileType = sourcecode.swift; path = Spaces.swift; sourceTree = "<group>"; };
		CE8AFF21300726660064CC6C /* PhoneTextField.swift */ = {isa = PBXFileReference; lastKnownFileType = sourcecode.swift; path = PhoneTextField.swift; sourceTree = "<group>"; };
		CECC20CF3007AD1200DC450D /* PhoneFieldState.swift */ = {isa = PBXFileReference; lastKnownFileType = sourcecode.swift; path = PhoneFieldState.swift; sourceTree = "<group>"; };
		CECC20D13007AD2800DC450D /* PhoneValidator.swift */ = {isa = PBXFileReference; lastKnownFileType = sourcecode.swift; path = PhoneValidator.swift; sourceTree = "<group>"; };
		CECC20D33007AD3A00DC450D /* CountryCode.swift */ = {isa = PBXFileReference; lastKnownFileType = sourcecode.swift; path = CountryCode.swift; sourceTree = "<group>"; };
		CECC20D53007AD4E00DC450D /* CountryPickerSheet.swift */ = {isa = PBXFileReference; lastKnownFileType = sourcecode.swift; path = CountryPickerSheet.swift; sourceTree = "<group>"; };
		CECC20D73007B60900DC450D /* AppStrings.swift */ = {isa = PBXFileReference; lastKnownFileType = sourcecode.swift; path = AppStrings.swift; sourceTree = "<group>"; };
		CECC20D93007BE6800DC450D /* PhoneFieldViewModel.swift */ = {isa = PBXFileReference; lastKnownFileType = sourcecode.swift; path = PhoneFieldViewModel.swift; sourceTree = "<group>"; };
		CECC20DC3007C59F00DC450D /* en */ = {isa = PBXFileReference; lastKnownFileType = text.plist.strings; name = en; path = en.lproj/Localizable.strings; sourceTree = "<group>"; };
		CECC20E13007DB1B00DC450D /* WaitingIndicatorState.swift */ = {isa = PBXFileReference; lastKnownFileType = sourcecode.swift; path = WaitingIndicatorState.swift; sourceTree = "<group>"; };
		CECC20E33007DB2C00DC450D /* WaitingStateView.swift */ = {isa = PBXFileReference; lastKnownFileType = sourcecode.swift; path = WaitingStateView.swift; sourceTree = "<group>"; };
		CECC20E53007DB3D00DC450D /* PulsingIconBadge.swift */ = {isa = PBXFileReference; lastKnownFileType = sourcecode.swift; path = PulsingIconBadge.swift; sourceTree = "<group>"; };
		CECC20E73007DB4D00DC450D /* WaveformBars.swift */ = {isa = PBXFileReference; lastKnownFileType = sourcecode.swift; path = WaveformBars.swift; sourceTree = "<group>"; };
		CECC20E93007DB5E00DC450D /* ShakeEffect.swift */ = {isa = PBXFileReference; lastKnownFileType = sourcecode.swift; path = ShakeEffect.swift; sourceTree = "<group>"; };
		CECC20EB3007DD1D00DC450D /* WaitingStateComponents.swift */ = {isa = PBXFileReference; lastKnownFileType = sourcecode.swift; path = WaitingStateComponents.swift; sourceTree = "<group>"; };
		CEE62A7F300910840071F076 /* HomeView.swift */ = {isa = PBXFileReference; lastKnownFileType = sourcecode.swift; path = HomeView.swift; sourceTree = "<group>"; };
		CEE62A82300910E90071F076 /* CustomNavigationBar.swift */ = {isa = PBXFileReference; lastKnownFileType = sourcecode.swift; path = CustomNavigationBar.swift; sourceTree = "<group>"; };
		CEE62A8430091A6B0071F076 /* Image+AppIcons.swift */ = {isa = PBXFileReference; lastKnownFileType = sourcecode.swift; path = "Image+AppIcons.swift"; sourceTree = "<group>"; };
		CEE62A8630091FD10071F076 /* MainTabBarView.swift */ = {isa = PBXFileReference; lastKnownFileType = sourcecode.swift; path = MainTabBarView.swift; sourceTree = "<group>"; };
		CEE62A88300920070071F076 /* PracticeView.swift */ = {isa = PBXFileReference; lastKnownFileType = sourcecode.swift; path = PracticeView.swift; sourceTree = "<group>"; };
		CEE62A8A3009201C0071F076 /* ReportsView.swift */ = {isa = PBXFileReference; lastKnownFileType = sourcecode.swift; path = ReportsView.swift; sourceTree = "<group>"; };
		CEE62A8C3009202F0071F076 /* SettingsView.swift */ = {isa = PBXFileReference; lastKnownFileType = sourcecode.swift; path = SettingsView.swift; sourceTree = "<group>"; };
		CEE62A923009296E0071F076 /* SubscriptionCard.swift */ = {isa = PBXFileReference; lastKnownFileType = sourcecode.swift; path = SubscriptionCard.swift; sourceTree = "<group>"; };
		CEE62A94300929830071F076 /* ProgressCard.swift */ = {isa = PBXFileReference; lastKnownFileType = sourcecode.swift; path = ProgressCard.swift; sourceTree = "<group>"; };
		CEE62A96300929960071F076 /* PracticeCard.swift */ = {isa = PBXFileReference; lastKnownFileType = sourcecode.swift; path = PracticeCard.swift; sourceTree = "<group>"; };
		CEE62A98300929A70071F076 /* SessionRow.swift */ = {isa = PBXFileReference; lastKnownFileType = sourcecode.swift; path = SessionRow.swift; sourceTree = "<group>"; };
		D935DFCA30078012009DF855 /* CustomButton.swift */ = {isa = PBXFileReference; lastKnownFileType = sourcecode.swift; path = CustomButton.swift; sourceTree = "<group>"; };
		D935DFCE300789EF009DF855 /* CvUploadingView.swift */ = {isa = PBXFileReference; lastKnownFileType = sourcecode.swift; path = CvUploadingView.swift; sourceTree = "<group>"; };
		D935DFF930080448009DF855 /* OnBordingView.swift */ = {isa = PBXFileReference; lastKnownFileType = sourcecode.swift; path = OnBordingView.swift; sourceTree = "<group>"; };
		D935DFFB3008045A009DF855 /* OnBordingViewModel.swift */ = {isa = PBXFileReference; lastKnownFileType = sourcecode.swift; name = OnBordingViewModel.swift; path = "Career-Pilot-iOS/Modules/Onboard/Presentation/View/OnBordingViewModel.swift"; sourceTree = SOURCE_ROOT; };
		D935DFFE30082AA9009DF855 /* UploadCvView.swift */ = {isa = PBXFileReference; lastKnownFileType = sourcecode.swift; path = UploadCvView.swift; sourceTree = "<group>"; };
		D93938DE3004064400CF4372 /* Career-Pilot-iOS.app */ = {isa = PBXFileReference; explicitFileType = wrapper.application; includeInIndex = 0; path = "Career-Pilot-iOS.app"; sourceTree = BUILT_PRODUCTS_DIR; };
		D93938E13004064400CF4372 /* Career_Pilot_iOSApp.swift */ = {isa = PBXFileReference; lastKnownFileType = sourcecode.swift; path = Career_Pilot_iOSApp.swift; sourceTree = "<group>"; };
		D93938E33004064400CF4372 /* ContentView.swift */ = {isa = PBXFileReference; lastKnownFileType = sourcecode.swift; path = ContentView.swift; sourceTree = "<group>"; };
		D93938E83004064600CF4372 /* Preview Assets.xcassets */ = {isa = PBXFileReference; lastKnownFileType = folder.assetcatalog; path = "Preview Assets.xcassets"; sourceTree = "<group>"; };
		D93938EA3004064600CF4372 /* Persistence.swift */ = {isa = PBXFileReference; lastKnownFileType = sourcecode.swift; path = Persistence.swift; sourceTree = "<group>"; };
		D93938ED3004064600CF4372 /* Career_Pilot_iOS.xcdatamodel */ = {isa = PBXFileReference; lastKnownFileType = wrapper.xcdatamodel; path = Career_Pilot_iOS.xcdatamodel; sourceTree = "<group>"; };
		D93938F33004064600CF4372 /* Career-Pilot-iOSTests.xctest */ = {isa = PBXFileReference; explicitFileType = wrapper.cfbundle; includeInIndex = 0; path = "Career-Pilot-iOSTests.xctest"; sourceTree = BUILT_PRODUCTS_DIR; };
		D93938F73004064600CF4372 /* Career_Pilot_iOSTests.swift */ = {isa = PBXFileReference; lastKnownFileType = sourcecode.swift; path = Career_Pilot_iOSTests.swift; sourceTree = "<group>"; };
		D93938FD3004064600CF4372 /* Career-Pilot-iOSUITests.xctest */ = {isa = PBXFileReference; explicitFileType = wrapper.cfbundle; includeInIndex = 0; path = "Career-Pilot-iOSUITests.xctest"; sourceTree = BUILT_PRODUCTS_DIR; };
		D93939013004064600CF4372 /* Career_Pilot_iOSUITests.swift */ = {isa = PBXFileReference; lastKnownFileType = sourcecode.swift; path = Career_Pilot_iOSUITests.swift; sourceTree = "<group>"; };
		D93939033004064600CF4372 /* Career_Pilot_iOSUITestsLaunchTests.swift */ = {isa = PBXFileReference; lastKnownFileType = sourcecode.swift; path = Career_Pilot_iOSUITestsLaunchTests.swift; sourceTree = "<group>"; };
		D98A796F3008D9A300DFDC6B /* CvViewInfo.swift */ = {isa = PBXFileReference; lastKnownFileType = sourcecode.swift; path = CvViewInfo.swift; sourceTree = "<group>"; };
		D98A79723008DB2F00DFDC6B /* ChoseTrackView.swift */ = {isa = PBXFileReference; lastKnownFileType = sourcecode.swift; path = ChoseTrackView.swift; sourceTree = "<group>"; };
		D98A79743008DFD800DFDC6B /* Track.swift */ = {isa = PBXFileReference; lastKnownFileType = sourcecode.swift; path = Track.swift; sourceTree = "<group>"; };
		D98A79763008E19900DFDC6B /* TrackChip.swift */ = {isa = PBXFileReference; lastKnownFileType = sourcecode.swift; path = TrackChip.swift; sourceTree = "<group>"; };
		D98A79783008EB9200DFDC6B /* ChoseTrackViewInfo.swift */ = {isa = PBXFileReference; lastKnownFileType = sourcecode.swift; path = ChoseTrackViewInfo.swift; sourceTree = "<group>"; };
		D98A797C300903BF00DFDC6B /* UploadeCvErrors.swift */ = {isa = PBXFileReference; lastKnownFileType = sourcecode.swift; path = UploadeCvErrors.swift; sourceTree = "<group>"; };
		D98A797E3009084000DFDC6B /* OnBordingErrorState.swift */ = {isa = PBXFileReference; lastKnownFileType = sourcecode.swift; path = OnBordingErrorState.swift; sourceTree = "<group>"; };
		D9A28579300A5CFB00ABB5BD /* UploadCvUseCase.swift */ = {isa = PBXFileReference; lastKnownFileType = sourcecode.swift; name = UploadCvUseCase.swift; path = "Career-Pilot-iOS/Modules/Onboard/Domain/UseCases/UploadCv/UploadCvUseCase.swift"; sourceTree = SOURCE_ROOT; };
		D9A2857C300A5E0300ABB5BD /* UploadCvRequest+Response.swift */ = {isa = PBXFileReference; lastKnownFileType = sourcecode.swift; path = "UploadCvRequest+Response.swift"; sourceTree = "<group>"; };
		D9A2857E300A604D00ABB5BD /* UserDataRepo.swift */ = {isa = PBXFileReference; lastKnownFileType = sourcecode.swift; name = UserDataRepo.swift; path = "Career-Pilot-iOS/Modules/Onboard/Domain/UseCases/UploadCv/UserDataRepo.swift"; sourceTree = SOURCE_ROOT; };
		D9A28580300A61DC00ABB5BD /* UserDataEndPoint.swift */ = {isa = PBXFileReference; lastKnownFileType = sourcecode.swift; name = UserDataEndPoint.swift; path = "Career-Pilot-iOS/Modules/Onboard/Domain/UseCases/UploadCv/UserDataEndPoint.swift"; sourceTree = SOURCE_ROOT; };
		D9A28583300A6CC300ABB5BD /* UserDataRepoImp.swift */ = {isa = PBXFileReference; lastKnownFileType = sourcecode.swift; path = UserDataRepoImp.swift; sourceTree = "<group>"; };
		D9A28587300A82CE00ABB5BD /* UserDataRemoteDataSource.swift */ = {isa = PBXFileReference; lastKnownFileType = sourcecode.swift; path = UserDataRemoteDataSource.swift; sourceTree = "<group>"; };
		D9A2858A300A834A00ABB5BD /* CvUplodingApiResponse.swift */ = {isa = PBXFileReference; lastKnownFileType = sourcecode.swift; path = CvUplodingApiResponse.swift; sourceTree = "<group>"; };
		D9A2858D300A859E00ABB5BD /* CvUplodingApiResponse+Mapping.swift */ = {isa = PBXFileReference; lastKnownFileType = sourcecode.swift; path = "CvUplodingApiResponse+Mapping.swift"; sourceTree = "<group>"; };
		D9C09B0F300A2B32008C1E58 /* OnBordingIdelState.swift */ = {isa = PBXFileReference; lastKnownFileType = sourcecode.swift; path = OnBordingIdelState.swift; sourceTree = "<group>"; };
		D9C1879230065AF100BFF8E9 /* Repo.swift */ = {isa = PBXFileReference; lastKnownFileType = sourcecode.swift; path = Repo.swift; sourceTree = "<group>"; };
		D9C1879430065AFC00BFF8E9 /* UseCases.swift */ = {isa = PBXFileReference; lastKnownFileType = sourcecode.swift; path = UseCases.swift; sourceTree = "<group>"; };
		D9C1879630065B0400BFF8E9 /* Entity.swift */ = {isa = PBXFileReference; lastKnownFileType = sourcecode.swift; path = Entity.swift; sourceTree = "<group>"; };
		D9C1879D30065B9800BFF8E9 /* TestDao.swift */ = {isa = PBXFileReference; lastKnownFileType = sourcecode.swift; path = TestDao.swift; sourceTree = "<group>"; };
		D9C1879F30065BA700BFF8E9 /* TestLocalDataSource.swift */ = {isa = PBXFileReference; lastKnownFileType = sourcecode.swift; path = TestLocalDataSource.swift; sourceTree = "<group>"; };
		D9C187A130065C2200BFF8E9 /* RemoteDataSource.swift */ = {isa = PBXFileReference; lastKnownFileType = sourcecode.swift; path = RemoteDataSource.swift; sourceTree = "<group>"; };
		D9C187A330065C2B00BFF8E9 /* RepoImp.swift */ = {isa = PBXFileReference; lastKnownFileType = sourcecode.swift; path = RepoImp.swift; sourceTree = "<group>"; };
		D9C187A530065C3600BFF8E9 /* TestModels.swift */ = {isa = PBXFileReference; lastKnownFileType = sourcecode.swift; path = TestModels.swift; sourceTree = "<group>"; };
		D9C187A930065C8700BFF8E9 /* AuthViewModel.swift */ = {isa = PBXFileReference; lastKnownFileType = sourcecode.swift; path = AuthViewModel.swift; sourceTree = "<group>"; };
		D9C187AE300660D100BFF8E9 /* APIEndpoint.swift */ = {isa = PBXFileReference; lastKnownFileType = sourcecode.swift; path = APIEndpoint.swift; sourceTree = "<group>"; };
		D9C187B23006618500BFF8E9 /* DIContainer.swift */ = {isa = PBXFileReference; lastKnownFileType = sourcecode.swift; path = DIContainer.swift; sourceTree = "<group>"; };
		D9C187B73006623F00BFF8E9 /* NetworkService.swift */ = {isa = PBXFileReference; lastKnownFileType = sourcecode.swift; path = NetworkService.swift; sourceTree = "<group>"; };
		D9C187BA300662F000BFF8E9 /* HTTPMethod.swift */ = {isa = PBXFileReference; lastKnownFileType = sourcecode.swift; path = HTTPMethod.swift; sourceTree = "<group>"; };
		D9C187BD300663F200BFF8E9 /* NetworkError.swift */ = {isa = PBXFileReference; lastKnownFileType = sourcecode.swift; path = NetworkError.swift; sourceTree = "<group>"; };
		D9C187C330066A4000BFF8E9 /* Storage.swift */ = {isa = PBXFileReference; lastKnownFileType = sourcecode.swift; path = Storage.swift; sourceTree = "<group>"; };
		D9C187C730066A4F00BFF8E9 /* Colors+Extension.swift */ = {isa = PBXFileReference; lastKnownFileType = sourcecode.swift; path = "Colors+Extension.swift"; sourceTree = "<group>"; };
		D9C187CC30066B1F00BFF8E9 /* util.swift */ = {isa = PBXFileReference; lastKnownFileType = sourcecode.swift; path = util.swift; sourceTree = "<group>"; };
		D9C187CE30066B2800BFF8E9 /* style.swift */ = {isa = PBXFileReference; lastKnownFileType = sourcecode.swift; path = style.swift; sourceTree = "<group>"; };
/* End PBXFileReference section */

/* Begin PBXFrameworksBuildPhase section */
		D93938DB3004064400CF4372 /* Frameworks */ = {
			isa = PBXFrameworksBuildPhase;
			buildActionMask = 2147483647;
			files = (
			);
			runOnlyForDeploymentPostprocessing = 0;
		};
		D93938F03004064600CF4372 /* Frameworks */ = {
			isa = PBXFrameworksBuildPhase;
			buildActionMask = 2147483647;
			files = (
			);
			runOnlyForDeploymentPostprocessing = 0;
		};
		D93938FA3004064600CF4372 /* Frameworks */ = {
			isa = PBXFrameworksBuildPhase;
			buildActionMask = 2147483647;
			files = (
			);
			runOnlyForDeploymentPostprocessing = 0;
		};
/* End PBXFrameworksBuildPhase section */

/* Begin PBXGroup section */
		41D69D27300A7BEF00294D94 /* Entities */ = {
			isa = PBXGroup;
			children = (
				41D69D25300A7BEF00294D94 /* User.swift */,
				41D69D26300A7BEF00294D94 /* UserProfile.swift */,
			);
			path = Entities;
			sourceTree = "<group>";
		};
		41D69D28300A7BEF00294D94 /* Domain */ = {
			isa = PBXGroup;
			children = (
				41D69D27300A7BEF00294D94 /* Entities */,
			);
			path = Domain;
			sourceTree = "<group>";
		};
		41D69D2D300A7C0600294D94 /* DTOs */ = {
			isa = PBXGroup;
			children = (
				41D69D2B300A7C0600294D94 /* UserDTO.swift */,
				41D69D2C300A7C0600294D94 /* UserProfileDTO.swift */,
			);
			path = DTOs;
			sourceTree = "<group>";
		};
		41D69D30300A7C0700294D94 /* Mappers */ = {
			isa = PBXGroup;
			children = (
				41D69D2E300A7C0700294D94 /* UserDTO+Mapping.swift */,
				41D69D2F300A7C0700294D94 /* UserProfileDTO+Mapping.swift */,
			);
			path = Mappers;
			sourceTree = "<group>";
		};
		616CACFD30080EB3007FC4AF /* Settings */ = {
			isa = PBXGroup;
			children = (
				616CAD0030080ECD007FC4AF /* Presentation */,
				616CACFF30080EC7007FC4AF /* Data */,
				616CACFE30080EBC007FC4AF /* Domain */,
			);
			path = Settings;
			sourceTree = "<group>";
		};
		616CACFE30080EBC007FC4AF /* Domain */ = {
			isa = PBXGroup;
			children = (
			);
			path = Domain;
			sourceTree = "<group>";
		};
		616CACFF30080EC7007FC4AF /* Data */ = {
			isa = PBXGroup;
			children = (
			);
			path = Data;
			sourceTree = "<group>";
		};
		616CAD0030080ECD007FC4AF /* Presentation */ = {
			isa = PBXGroup;
			children = (
				616CAD0230080EDD007FC4AF /* ViewModel */,
				616CAD0130080ED6007FC4AF /* View */,
			);
			path = Presentation;
			sourceTree = "<group>";
		};
		616CAD0130080ED6007FC4AF /* View */ = {
			isa = PBXGroup;
			children = (
				616CAD0330080EEC007FC4AF /* SettingsVIew.swift */,
				616CAD0630080FDE007FC4AF /* ProfileCard.swift */,
				616CAD0830081C62007FC4AF /* SettingsCard.swift */,
				616CAD0B30081EF4007FC4AF /* AcoountSettingsView.swift */,
				616CAD0D30082441007FC4AF /* SupportAndLeagalSettingsView.swift */,
			);
			path = View;
			sourceTree = "<group>";
		};
		616CAD0230080EDD007FC4AF /* ViewModel */ = {
			isa = PBXGroup;
			children = (
			);
			path = ViewModel;
			sourceTree = "<group>";
		};
		61D8F2DE300750AF0088F170 /* Onboard */ = {
			isa = PBXGroup;
			children = (
				61D8F2DF300750B70088F170 /* Presentation */,
				61D8F2E0300750BE0088F170 /* Domain */,
				61D8F2E1300750C70088F170 /* Data */,
			);
			path = Onboard;
			sourceTree = "<group>";
		};
		61D8F2DF300750B70088F170 /* Presentation */ = {
			isa = PBXGroup;
			children = (
				61D8F2E2300750D00088F170 /* View */,
				61D8F2E3300750D70088F170 /* ViewModel */,
			);
			path = Presentation;
			sourceTree = "<group>";
		};
		61D8F2E0300750BE0088F170 /* Domain */ = {
			isa = PBXGroup;
			children = (
				D935DFF43008020B009DF855 /* Entities */,
				D935DFF330080203009DF855 /* UseCases */,
				D935DFF2300801FB009DF855 /* Repo */,
			);
			path = Domain;
			sourceTree = "<group>";
		};
		61D8F2E1300750C70088F170 /* Data */ = {
			isa = PBXGroup;
			children = (
				D9A28580300A61DC00ABB5BD /* UserDataEndPoint.swift */,
				D9A28589300A833300ABB5BD /* DTOs */,
				D9A2858C300A857600ABB5BD /* Mappers */,
				D9A28585300A82AF00ABB5BD /* DataSource */,
				D9A28582300A6CAD00ABB5BD /* RepoImp */,
			);
			path = Data;
			sourceTree = "<group>";
		};
		61D8F2E2300750D00088F170 /* View */ = {
			isa = PBXGroup;
			children = (
				D935DFF930080448009DF855 /* OnBordingView.swift */,
				D9C09B0E300A2B1C008C1E58 /* OnBordingStates */,
				D935DFF730080430009DF855 /* OnBordingViews */,
			);
			path = View;
			sourceTree = "<group>";
		};
		61D8F2E3300750D70088F170 /* ViewModel */ = {
			isa = PBXGroup;
			children = (
				D935DFFB3008045A009DF855 /* OnBordingViewModel.swift */,
			);
			path = ViewModel;
			sourceTree = "<group>";
		};
		61D8F2E4300750E60088F170 /* Profile */ = {
			isa = PBXGroup;
			children = (
				61D8F30130077F070088F170 /* MainView */,
				61D8F30030077EEC0088F170 /* Components */,
			);
			path = Profile;
			sourceTree = "<group>";
		};
		61D8F30030077EEC0088F170 /* Components */ = {
			isa = PBXGroup;
			children = (
				61D8F2F7300761200088F170 /* CustomProfileTextField.swift */,
				61D8F2F9300778520088F170 /* SkillTag.swift */,
				61D8F2FB300779ED0088F170 /* Flowlayout.swift */,
				61D8F302300780C50088F170 /* FreeSessionBanner.swift */,
			);
			path = Components;
			sourceTree = "<group>";
		};
		61D8F30130077F070088F170 /* MainView */ = {
			isa = PBXGroup;
			children = (
				61D8F2E5300750FC0088F170 /* profile.swift */,
				61D8F2EF3007523E0088F170 /* HeaderView.swift */,
				61D8F2F5300760680088F170 /* ProfileForm.swift */,
			);
			path = MainView;
			sourceTree = "<group>";
		};
		CE12F3C730094FB50083D66D /* Components */ = {
			isa = PBXGroup;
			children = (
				CE12F3C530094FB50083D66D /* OTPBoxView.swift */,
				CE12F3C630094FB50083D66D /* OTPCodeView.swift */,
			);
			path = Components;
			sourceTree = "<group>";
		};
		CECC20CE3007ACE100DC450D /* PhoneField */ = {
			isa = PBXGroup;
			children = (
				CE8AFF21300726660064CC6C /* PhoneTextField.swift */,
				CECC20CF3007AD1200DC450D /* PhoneFieldState.swift */,
				CECC20D13007AD2800DC450D /* PhoneValidator.swift */,
				CECC20D33007AD3A00DC450D /* CountryCode.swift */,
				CECC20D53007AD4E00DC450D /* CountryPickerSheet.swift */,
				CECC20D93007BE6800DC450D /* PhoneFieldViewModel.swift */,
			);
			path = PhoneField;
			sourceTree = "<group>";
		};
		CECC20E03007DAFF00DC450D /* WaitingState */ = {
			isa = PBXGroup;
			children = (
				CECC20E13007DB1B00DC450D /* WaitingIndicatorState.swift */,
				CECC20E33007DB2C00DC450D /* WaitingStateView.swift */,
				CECC20E53007DB3D00DC450D /* PulsingIconBadge.swift */,
				CECC20E73007DB4D00DC450D /* WaveformBars.swift */,
				CECC20E93007DB5E00DC450D /* ShakeEffect.swift */,
				CECC20EB3007DD1D00DC450D /* WaitingStateComponents.swift */,
			);
			path = WaitingState;
			sourceTree = "<group>";
		};
		CEE62A81300910D50071F076 /* Components */ = {
			isa = PBXGroup;
			children = (
				CEE62A82300910E90071F076 /* CustomNavigationBar.swift */,
				CEE62A923009296E0071F076 /* SubscriptionCard.swift */,
				CEE62A94300929830071F076 /* ProgressCard.swift */,
				CEE62A96300929960071F076 /* PracticeCard.swift */,
				CEE62A98300929A70071F076 /* SessionRow.swift */,
			);
			path = Components;
			sourceTree = "<group>";
		};
		CEE62A8E300921330071F076 /* Main */ = {
			isa = PBXGroup;
			children = (
				CEE62A8630091FD10071F076 /* MainTabBarView.swift */,
			);
			path = Main;
			sourceTree = "<group>";
		};
		CEE62A8F3009214D0071F076 /* Practice */ = {
			isa = PBXGroup;
			children = (
				CEE62A88300920070071F076 /* PracticeView.swift */,
			);
			path = Practice;
			sourceTree = "<group>";
		};
		CEE62A90300921720071F076 /* Reports */ = {
			isa = PBXGroup;
			children = (
				CEE62A8A3009201C0071F076 /* ReportsView.swift */,
			);
			path = Reports;
			sourceTree = "<group>";
		};
		CEE62A91300921810071F076 /* Settings */ = {
			isa = PBXGroup;
			children = (
				CEE62A8C3009202F0071F076 /* SettingsView.swift */,
			);
			path = Settings;
			sourceTree = "<group>";
		};
		CEFA6F7D30085B0600A89A83 /* Home */ = {
			isa = PBXGroup;
			children = (
				CEFA6F7E30085B3A00A89A83 /* Data */,
				CEFA6F7F30085B4400A89A83 /* Domain */,
				CEFA6F8030085B5000A89A83 /* Presentation */,
			);
			path = Home;
			sourceTree = "<group>";
		};
		CEFA6F7E30085B3A00A89A83 /* Data */ = {
			isa = PBXGroup;
			children = (
			);
			path = Data;
			sourceTree = "<group>";
		};
		CEFA6F7F30085B4400A89A83 /* Domain */ = {
			isa = PBXGroup;
			children = (
			);
			path = Domain;
			sourceTree = "<group>";
		};
		CEFA6F8030085B5000A89A83 /* Presentation */ = {
			isa = PBXGroup;
			children = (
				CEFA6F8330085B9100A89A83 /* Model */,
				CEFA6F8230085B8400A89A83 /* ViewModel */,
				CEFA6F8130085B7C00A89A83 /* View */,
			);
			path = Presentation;
			sourceTree = "<group>";
		};
		CEFA6F8130085B7C00A89A83 /* View */ = {
			isa = PBXGroup;
			children = (
				CEE62A81300910D50071F076 /* Components */,
				CEE62A7F300910840071F076 /* HomeView.swift */,
			);
			path = View;
			sourceTree = "<group>";
		};
		CEFA6F8230085B8400A89A83 /* ViewModel */ = {
			isa = PBXGroup;
			children = (
				CE12F3C130093ED30083D66D /* HomeViewModel.swift */,
			);
			path = ViewModel;
			sourceTree = "<group>";
		};
		CEFA6F8330085B9100A89A83 /* Model */ = {
			isa = PBXGroup;
			children = (
				CE12F3BF30093CE40083D66D /* SessionData.swift */,
			);
			path = Model;
			sourceTree = "<group>";
		};
		D935DFF2300801FB009DF855 /* Repo */ = {
			isa = PBXGroup;
			children = (
				D9A2857E300A604D00ABB5BD /* UserDataRepo.swift */,
			);
			path = Repo;
			sourceTree = "<group>";
		};
		D935DFF330080203009DF855 /* UseCases */ = {
			isa = PBXGroup;
			children = (
				D9A2857B300A5DEA00ABB5BD /* UploadCv */,
			);
			path = UseCases;
			sourceTree = "<group>";
		};
		D935DFF43008020B009DF855 /* Entities */ = {
			isa = PBXGroup;
			children = (
				61D8F2FE30077A410088F170 /* UserData.swift */,
				D9A2858F300A98BB00ABB5BD /* Requestes+Resoponses */,
				D98A797B300903AE00DFDC6B /* UploadeCV */,
				D98A797A3008EBA200DFDC6B /* SelectedTrack */,
			);
			path = Entities;
			sourceTree = "<group>";
		};
		D935DFF730080430009DF855 /* OnBordingViews */ = {
			isa = PBXGroup;
			children = (
				D98A79713008DB1100DFDC6B /* ChoseTrack */,
				D935DFFD30082A8B009DF855 /* UploadCV */,
				61D8F2E4300750E60088F170 /* Profile */,
			);
			path = OnBordingViews;
			sourceTree = "<group>";
		};
		D935DFFD30082A8B009DF855 /* UploadCV */ = {
			isa = PBXGroup;
			children = (
				D935DFFE30082AA9009DF855 /* UploadCvView.swift */,
			);
			path = UploadCV;
			sourceTree = "<group>";
		};
		D93938D53004064400CF4372 = {
			isa = PBXGroup;
			children = (
				D93938E03004064400CF4372 /* Career-Pilot-iOS */,
				D93938F63004064600CF4372 /* Career-Pilot-iOSTests */,
				D93939003004064600CF4372 /* Career-Pilot-iOSUITests */,
				D93938DF3004064400CF4372 /* Products */,
			);
			sourceTree = "<group>";
		};
		D93938DF3004064400CF4372 /* Products */ = {
			isa = PBXGroup;
			children = (
				D93938DE3004064400CF4372 /* Career-Pilot-iOS.app */,
				D93938F33004064600CF4372 /* Career-Pilot-iOSTests.xctest */,
				D93938FD3004064600CF4372 /* Career-Pilot-iOSUITests.xctest */,
			);
			name = Products;
			sourceTree = "<group>";
		};
		D93938E03004064400CF4372 /* Career-Pilot-iOS */ = {
			isa = PBXGroup;
			children = (
				D9C187AB30065F6800BFF8E9 /* Core */,
				D9C1878430065A4800BFF8E9 /* Modules */,
				D93938E73004064600CF4372 /* Preview Content */,
			);
			path = "Career-Pilot-iOS";
			sourceTree = "<group>";
		};
		D93938E73004064600CF4372 /* Preview Content */ = {
			isa = PBXGroup;
			children = (
				D93938E83004064600CF4372 /* Preview Assets.xcassets */,
			);
			path = "Preview Content";
			sourceTree = "<group>";
		};
		D93938F63004064600CF4372 /* Career-Pilot-iOSTests */ = {
			isa = PBXGroup;
			children = (
				D93938F73004064600CF4372 /* Career_Pilot_iOSTests.swift */,
			);
			path = "Career-Pilot-iOSTests";
			sourceTree = "<group>";
		};
		D93939003004064600CF4372 /* Career-Pilot-iOSUITests */ = {
			isa = PBXGroup;
			children = (
				D93939013004064600CF4372 /* Career_Pilot_iOSUITests.swift */,
				D93939033004064600CF4372 /* Career_Pilot_iOSUITestsLaunchTests.swift */,
			);
			path = "Career-Pilot-iOSUITests";
			sourceTree = "<group>";
		};
		D98A79713008DB1100DFDC6B /* ChoseTrack */ = {
			isa = PBXGroup;
			children = (
				D98A79723008DB2F00DFDC6B /* ChoseTrackView.swift */,
				D98A79763008E19900DFDC6B /* TrackChip.swift */,
			);
			path = ChoseTrack;
			sourceTree = "<group>";
		};
		D98A797A3008EBA200DFDC6B /* SelectedTrack */ = {
			isa = PBXGroup;
			children = (
				D98A79783008EB9200DFDC6B /* ChoseTrackViewInfo.swift */,
				D98A79743008DFD800DFDC6B /* Track.swift */,
			);
			path = SelectedTrack;
			sourceTree = "<group>";
		};
		D98A797B300903AE00DFDC6B /* UploadeCV */ = {
			isa = PBXGroup;
			children = (
				D98A796F3008D9A300DFDC6B /* CvViewInfo.swift */,
				D98A797C300903BF00DFDC6B /* UploadeCvErrors.swift */,
			);
			path = UploadeCV;
			sourceTree = "<group>";
		};
		D9A2857B300A5DEA00ABB5BD /* UploadCv */ = {
			isa = PBXGroup;
			children = (
				D9A28579300A5CFB00ABB5BD /* UploadCvUseCase.swift */,
			);
			path = UploadCv;
			sourceTree = "<group>";
		};
		D9A28582300A6CAD00ABB5BD /* RepoImp */ = {
			isa = PBXGroup;
			children = (
				D9A28583300A6CC300ABB5BD /* UserDataRepoImp.swift */,
			);
			path = RepoImp;
			sourceTree = "<group>";
		};
		D9A28585300A82AF00ABB5BD /* DataSource */ = {
			isa = PBXGroup;
			children = (
				D9A28586300A82BB00ABB5BD /* Remote */,
			);
			path = DataSource;
			sourceTree = "<group>";
		};
		D9A28586300A82BB00ABB5BD /* Remote */ = {
			isa = PBXGroup;
			children = (
				D9A28587300A82CE00ABB5BD /* UserDataRemoteDataSource.swift */,
			);
			path = Remote;
			sourceTree = "<group>";
		};
		D9A28589300A833300ABB5BD /* DTOs */ = {
			isa = PBXGroup;
			children = (
				D9A2858A300A834A00ABB5BD /* CvUplodingApiResponse.swift */,
			);
			path = DTOs;
			sourceTree = "<group>";
		};
		D9A2858C300A857600ABB5BD /* Mappers */ = {
			isa = PBXGroup;
			children = (
				D9A2858D300A859E00ABB5BD /* CvUplodingApiResponse+Mapping.swift */,
			);
			path = Mappers;
			sourceTree = "<group>";
		};
		D9A2858F300A98BB00ABB5BD /* Requestes+Resoponses */ = {
			isa = PBXGroup;
			children = (
				D9A2857C300A5E0300ABB5BD /* UploadCvRequest+Response.swift */,
			);
			path = "Requestes+Resoponses";
			sourceTree = "<group>";
		};
		D9C09B0E300A2B1C008C1E58 /* OnBordingStates */ = {
			isa = PBXGroup;
			children = (
				D9C09B0F300A2B32008C1E58 /* OnBordingIdelState.swift */,
				D98A797E3009084000DFDC6B /* OnBordingErrorState.swift */,
			);
			path = OnBordingStates;
			sourceTree = "<group>";
		};
		D9C1878430065A4800BFF8E9 /* Modules */ = {
			isa = PBXGroup;
			children = (
				616CACFD30080EB3007FC4AF /* Settings */,
				CEE62A91300921810071F076 /* Settings */,
				CEE62A90300921720071F076 /* Reports */,
				CEE62A8F3009214D0071F076 /* Practice */,
				CEE62A8E300921330071F076 /* Main */,
				CEFA6F7D30085B0600A89A83 /* Home */,
				61D8F2DE300750AF0088F170 /* Onboard */,
				D9C1878530065A5900BFF8E9 /* Auth */,
			);
			path = Modules;
			sourceTree = "<group>";
		};
		D9C1878530065A5900BFF8E9 /* Auth */ = {
			isa = PBXGroup;
			children = (
				D9C1878630065A6400BFF8E9 /* Data */,
				D9C1878730065A6B00BFF8E9 /* Domain */,
				D9C1878830065A9700BFF8E9 /* Presentation */,
			);
			path = Auth;
			sourceTree = "<group>";
		};
		D9C1878630065A6400BFF8E9 /* Data */ = {
			isa = PBXGroup;
			children = (
				D9C1879830065B5500BFF8E9 /* Models */,
				D9C1879930065B5800BFF8E9 /* DataSources */,
				D9C1879C30065B7500BFF8E9 /* RepoImp */,
			);
			path = Data;
			sourceTree = "<group>";
		};
		D9C1878730065A6B00BFF8E9 /* Domain */ = {
			isa = PBXGroup;
			children = (
				D9C1878F30065ACC00BFF8E9 /* Entity */,
				D9C1879030065AD200BFF8E9 /* UseCases */,
				D9C1879130065AD700BFF8E9 /* Repo */,
			);
			path = Domain;
			sourceTree = "<group>";
		};
		D9C1878830065A9700BFF8E9 /* Presentation */ = {
			isa = PBXGroup;
			children = (
				D9C187A730065C6F00BFF8E9 /* ViewModels */,
				D9C187A830065C7300BFF8E9 /* View */,
			);
			path = Presentation;
			sourceTree = "<group>";
		};
		D9C1878F30065ACC00BFF8E9 /* Entity */ = {
			isa = PBXGroup;
			children = (
				D9C1879630065B0400BFF8E9 /* Entity.swift */,
			);
			path = Entity;
			sourceTree = "<group>";
		};
		D9C1879030065AD200BFF8E9 /* UseCases */ = {
			isa = PBXGroup;
			children = (
				D9C1879430065AFC00BFF8E9 /* UseCases.swift */,
			);
			path = UseCases;
			sourceTree = "<group>";
		};
		D9C1879130065AD700BFF8E9 /* Repo */ = {
			isa = PBXGroup;
			children = (
				D9C1879230065AF100BFF8E9 /* Repo.swift */,
			);
			path = Repo;
			sourceTree = "<group>";
		};
		D9C1879830065B5500BFF8E9 /* Models */ = {
			isa = PBXGroup;
			children = (
				D9C187A530065C3600BFF8E9 /* TestModels.swift */,
			);
			path = Models;
			sourceTree = "<group>";
		};
		D9C1879930065B5800BFF8E9 /* DataSources */ = {
			isa = PBXGroup;
			children = (
				D9C1879B30065B6B00BFF8E9 /* Local */,
				D9C1879A30065B6800BFF8E9 /* Remote */,
			);
			path = DataSources;
			sourceTree = "<group>";
		};
		D9C1879A30065B6800BFF8E9 /* Remote */ = {
			isa = PBXGroup;
			children = (
				D9C187A130065C2200BFF8E9 /* RemoteDataSource.swift */,
			);
			path = Remote;
			sourceTree = "<group>";
		};
		D9C1879B30065B6B00BFF8E9 /* Local */ = {
			isa = PBXGroup;
			children = (
				D9C1879F30065BA700BFF8E9 /* TestLocalDataSource.swift */,
				D9C1879D30065B9800BFF8E9 /* TestDao.swift */,
			);
			path = Local;
			sourceTree = "<group>";
		};
		D9C1879C30065B7500BFF8E9 /* RepoImp */ = {
			isa = PBXGroup;
			children = (
				D9C187A330065C2B00BFF8E9 /* RepoImp.swift */,
			);
			path = RepoImp;
			sourceTree = "<group>";
		};
		D9C187A730065C6F00BFF8E9 /* ViewModels */ = {
			isa = PBXGroup;
			children = (
				D9C187A930065C8700BFF8E9 /* AuthViewModel.swift */,
			);
			path = ViewModels;
			sourceTree = "<group>";
		};
		D9C187A830065C7300BFF8E9 /* View */ = {
			isa = PBXGroup;
			children = (
				41C6A2353008008D0035EFBF /* SendingOTPCodeView.swift */,
				41C6A23930080AE10035EFBF /* SuccessOTPCodeView.swift */,
				41C6A23B30080BDA0035EFBF /* OTPView.swift */,
				41C6A23D30083FDB0035EFBF /* PhoneEntryView.swift */,
				CE12F3C730094FB50083D66D /* Components */,
			);
			path = View;
			sourceTree = "<group>";
		};
		D9C187AB30065F6800BFF8E9 /* Core */ = {
			isa = PBXGroup;
			children = (
				41D69D28300A7BEF00294D94 /* Domain */,
				D9C187D030066BC900BFF8E9 /* App */,
				D9C187B13006610A00BFF8E9 /* Di */,
				D9C187CB30066AE100BFF8E9 /* Util */,
				D9C187CA30066AD800BFF8E9 /* Style */,
				D9C187B0300660D500BFF8E9 /* Components */,
				D9C187AC3006604600BFF8E9 /* Network */,
				D9C187AD3006609300BFF8E9 /* Storage */,
				D9C187B53006619C00BFF8E9 /* Routing */,
				D9C187B43006618B00BFF8E9 /* Extension */,
			);
			path = Core;
			sourceTree = "<group>";
		};
		D9C187AC3006604600BFF8E9 /* Network */ = {
			isa = PBXGroup;
			children = (
				41D69D2D300A7C0600294D94 /* DTOs */,
				41D69D30300A7C0700294D94 /* Mappers */,
				D9C187BD300663F200BFF8E9 /* NetworkError.swift */,
				D9C187B9300662E000BFF8E9 /* EndPoint */,
				D9C187B73006623F00BFF8E9 /* NetworkService.swift */,
			);
			path = Network;
			sourceTree = "<group>";
		};
		D9C187AD3006609300BFF8E9 /* Storage */ = {
			isa = PBXGroup;
			children = (
				D93938EC3004064600CF4372 /* Career_Pilot_iOS.xcdatamodeld */,
				D93938EA3004064600CF4372 /* Persistence.swift */,
				D9C187C330066A4000BFF8E9 /* Storage.swift */,
			);
			path = Storage;
			sourceTree = "<group>";
		};
		D9C187B0300660D500BFF8E9 /* Components */ = {
			isa = PBXGroup;
			children = (
				CECC20E03007DAFF00DC450D /* WaitingState */,
				CECC20CE3007ACE100DC450D /* PhoneField */,
				41AC14EE30076D5500502158 /* CustomSearchTextField.swift */,
				D935DFCA30078012009DF855 /* CustomButton.swift */,
				D935DFCE300789EF009DF855 /* CvUploadingView.swift */,
				41C6A237300804650035EFBF /* SoundWaveView.swift */,
				CE12F3C3300940CE0083D66D /* Shimmer.swift */,
			);
			path = Components;
			sourceTree = "<group>";
		};
		D9C187B13006610A00BFF8E9 /* Di */ = {
			isa = PBXGroup;
			children = (
				D9C187B23006618500BFF8E9 /* DIContainer.swift */,
			);
			path = Di;
			sourceTree = "<group>";
		};
		D9C187B43006618B00BFF8E9 /* Extension */ = {
			isa = PBXGroup;
			children = (
				D9C187C730066A4F00BFF8E9 /* Colors+Extension.swift */,
				CEE62A8430091A6B0071F076 /* Image+AppIcons.swift */,
			);
			path = Extension;
			sourceTree = "<group>";
		};
		D9C187B53006619C00BFF8E9 /* Routing */ = {
			isa = PBXGroup;
			children = (
				41C6A23F3008609C0035EFBF /* AppRoute.swift */,
			);
			path = Routing;
			sourceTree = "<group>";
		};
		D9C187B9300662E000BFF8E9 /* EndPoint */ = {
			isa = PBXGroup;
			children = (
				D9C187AE300660D100BFF8E9 /* APIEndpoint.swift */,
				D9C187BA300662F000BFF8E9 /* HTTPMethod.swift */,
			);
			path = EndPoint;
			sourceTree = "<group>";
		};
		D9C187CA30066AD800BFF8E9 /* Style */ = {
			isa = PBXGroup;
			children = (
				D9C187CE30066B2800BFF8E9 /* style.swift */,
				CE8AFF14300712FC0064CC6C /* Colors.swift */,
				CE8AFF15300712FC0064CC6C /* Font.swift */,
				CE8AFF1C300718670064CC6C /* Round.swift */,
				CE8AFF1E3007187D0064CC6C /* Spaces.swift */,
				CECC20D73007B60900DC450D /* AppStrings.swift */,
				CECC20DB3007C59F00DC450D /* Localizable.strings */,
			);
			path = Style;
			sourceTree = "<group>";
		};
		D9C187CB30066AE100BFF8E9 /* Util */ = {
			isa = PBXGroup;
			children = (
				D9C187CC30066B1F00BFF8E9 /* util.swift */,
			);
			path = Util;
			sourceTree = "<group>";
		};
		D9C187D030066BC900BFF8E9 /* App */ = {
			isa = PBXGroup;
			children = (
				D93938E13004064400CF4372 /* Career_Pilot_iOSApp.swift */,
				D93938E33004064400CF4372 /* ContentView.swift */,
				61D8F2F13007543A0088F170 /* Assets.xcassets */,
			);
			path = App;
			sourceTree = "<group>";
		};
/* End PBXGroup section */

/* Begin PBXNativeTarget section */
		D93938DD3004064400CF4372 /* Career-Pilot-iOS */ = {
			isa = PBXNativeTarget;
			buildConfigurationList = D93939073004064600CF4372 /* Build configuration list for PBXNativeTarget "Career-Pilot-iOS" */;
			buildPhases = (
				D93938DA3004064400CF4372 /* Sources */,
				D93938DB3004064400CF4372 /* Frameworks */,
				D93938DC3004064400CF4372 /* Resources */,
			);
			buildRules = (
			);
			dependencies = (
			);
			name = "Career-Pilot-iOS";
			productName = "Career-Pilot-iOS";
			productReference = D93938DE3004064400CF4372 /* Career-Pilot-iOS.app */;
			productType = "com.apple.product-type.application";
		};
		D93938F23004064600CF4372 /* Career-Pilot-iOSTests */ = {
			isa = PBXNativeTarget;
			buildConfigurationList = D939390A3004064600CF4372 /* Build configuration list for PBXNativeTarget "Career-Pilot-iOSTests" */;
			buildPhases = (
				D93938EF3004064600CF4372 /* Sources */,
				D93938F03004064600CF4372 /* Frameworks */,
				D93938F13004064600CF4372 /* Resources */,
			);
			buildRules = (
			);
			dependencies = (
				D93938F53004064600CF4372 /* PBXTargetDependency */,
			);
			name = "Career-Pilot-iOSTests";
			productName = "Career-Pilot-iOSTests";
			productReference = D93938F33004064600CF4372 /* Career-Pilot-iOSTests.xctest */;
			productType = "com.apple.product-type.bundle.unit-test";
		};
		D93938FC3004064600CF4372 /* Career-Pilot-iOSUITests */ = {
			isa = PBXNativeTarget;
			buildConfigurationList = D939390D3004064600CF4372 /* Build configuration list for PBXNativeTarget "Career-Pilot-iOSUITests" */;
			buildPhases = (
				D93938F93004064600CF4372 /* Sources */,
				D93938FA3004064600CF4372 /* Frameworks */,
				D93938FB3004064600CF4372 /* Resources */,
			);
			buildRules = (
			);
			dependencies = (
				D93938FF3004064600CF4372 /* PBXTargetDependency */,
			);
			name = "Career-Pilot-iOSUITests";
			productName = "Career-Pilot-iOSUITests";
			productReference = D93938FD3004064600CF4372 /* Career-Pilot-iOSUITests.xctest */;
			productType = "com.apple.product-type.bundle.ui-testing";
		};
/* End PBXNativeTarget section */

/* Begin PBXProject section */
		D93938D63004064400CF4372 /* Project object */ = {
			isa = PBXProject;
			attributes = {
				BuildIndependentTargetsInParallel = 1;
				LastSwiftUpdateCheck = 1420;
				LastUpgradeCheck = 1420;
				TargetAttributes = {
					D93938DD3004064400CF4372 = {
						CreatedOnToolsVersion = 14.2;
					};
					D93938F23004064600CF4372 = {
						CreatedOnToolsVersion = 14.2;
						TestTargetID = D93938DD3004064400CF4372;
					};
					D93938FC3004064600CF4372 = {
						CreatedOnToolsVersion = 14.2;
						TestTargetID = D93938DD3004064400CF4372;
					};
				};
			};
			buildConfigurationList = D93938D93004064400CF4372 /* Build configuration list for PBXProject "Career-Pilot-iOS" */;
			compatibilityVersion = "Xcode 14.0";
			developmentRegion = en;
			hasScannedForEncodings = 0;
			knownRegions = (
				en,
				Base,
			);
			mainGroup = D93938D53004064400CF4372;
			productRefGroup = D93938DF3004064400CF4372 /* Products */;
			projectDirPath = "";
			projectRoot = "";
			targets = (
				D93938DD3004064400CF4372 /* Career-Pilot-iOS */,
				D93938F23004064600CF4372 /* Career-Pilot-iOSTests */,
				D93938FC3004064600CF4372 /* Career-Pilot-iOSUITests */,
			);
		};
/* End PBXProject section */

/* Begin PBXResourcesBuildPhase section */
		D93938DC3004064400CF4372 /* Resources */ = {
			isa = PBXResourcesBuildPhase;
			buildActionMask = 2147483647;
			files = (
				61D8F2F23007543A0088F170 /* Assets.xcassets in Resources */,
				D93938E93004064600CF4372 /* Preview Assets.xcassets in Resources */,
				CECC20DD3007C59F00DC450D /* Localizable.strings in Resources */,
			);
			runOnlyForDeploymentPostprocessing = 0;
		};
		D93938F13004064600CF4372 /* Resources */ = {
			isa = PBXResourcesBuildPhase;
			buildActionMask = 2147483647;
			files = (
			);
			runOnlyForDeploymentPostprocessing = 0;
		};
		D93938FB3004064600CF4372 /* Resources */ = {
			isa = PBXResourcesBuildPhase;
			buildActionMask = 2147483647;
			files = (
			);
			runOnlyForDeploymentPostprocessing = 0;
		};
/* End PBXResourcesBuildPhase section */

/* Begin PBXSourcesBuildPhase section */
		D93938DA3004064400CF4372 /* Sources */ = {
			isa = PBXSourcesBuildPhase;
			buildActionMask = 2147483647;
			files = (
				D9C187A630065C3700BFF8E9 /* TestModels.swift in Sources */,
				CECC20DA3007BE6800DC450D /* PhoneFieldViewModel.swift in Sources */,
				41D69D32300A7C0700294D94 /* UserProfileDTO.swift in Sources */,
				CE8AFF18300712FC0064CC6C /* Font.swift in Sources */,
				CE8AFF19300712FC0064CC6C /* Colors.swift in Sources */,
				D9C187C830066A4F00BFF8E9 /* Colors+Extension.swift in Sources */,
				41C6A23A30080AE10035EFBF /* SuccessOTPCodeView.swift in Sources */,
				41C6A23E30083FDB0035EFBF /* PhoneEntryView.swift in Sources */,
				CEE62A95300929830071F076 /* ProgressCard.swift in Sources */,
				61D8F303300780C50088F170 /* FreeSessionBanner.swift in Sources */,
				D935DFFF30082AA9009DF855 /* UploadCvView.swift in Sources */,
				D98A79733008DB2F00DFDC6B /* ChoseTrackView.swift in Sources */,
				61D8F2F6300760680088F170 /* ProfileForm.swift in Sources */,
				D98A79793008EB9200DFDC6B /* ChoseTrackViewInfo.swift in Sources */,
				D935DFCB30078012009DF855 /* CustomButton.swift in Sources */,
				616CAD0930081C62007FC4AF /* SettingsCard.swift in Sources */,
				D93938EE3004064600CF4372 /* Career_Pilot_iOS.xcdatamodeld in Sources */,
				41D69D33300A7C0700294D94 /* UserDTO+Mapping.swift in Sources */,
				61D8F2E6300750FC0088F170 /* profile.swift in Sources */,
				41C6A2403008609C0035EFBF /* AppRoute.swift in Sources */,
				D93938EB3004064600CF4372 /* Persistence.swift in Sources */,
				CEE62A8730091FD10071F076 /* MainTabBarView.swift in Sources */,
				D9A2857F300A604D00ABB5BD /* UserDataRepo.swift in Sources */,
				D9C1879330065AF100BFF8E9 /* Repo.swift in Sources */,
				D98A79703008D9A300DFDC6B /* CvViewInfo.swift in Sources */,
				41D69D2A300A7BEF00294D94 /* UserProfile.swift in Sources */,
				CECC20D03007AD1200DC450D /* PhoneFieldState.swift in Sources */,
				41AC14EF30076D5500502158 /* CustomSearchTextField.swift in Sources */,
				D9A2857D300A5E0300ABB5BD /* UploadCvRequest+Response.swift in Sources */,
				D935DFFA30080448009DF855 /* OnBordingView.swift in Sources */,
				CE12F3C230093ED30083D66D /* HomeViewModel.swift in Sources */,
				D9C187A230065C2200BFF8E9 /* RemoteDataSource.swift in Sources */,
				D98A79753008DFD800DFDC6B /* Track.swift in Sources */,
				CEE62A97300929960071F076 /* PracticeCard.swift in Sources */,
				D9C187B83006623F00BFF8E9 /* NetworkService.swift in Sources */,
				CECC20D83007B60900DC450D /* AppStrings.swift in Sources */,
				CE12F3C030093CE40083D66D /* SessionData.swift in Sources */,
				D9C1879530065AFC00BFF8E9 /* UseCases.swift in Sources */,
				CEE62A83300910E90071F076 /* CustomNavigationBar.swift in Sources */,
				CECC20D23007AD2800DC450D /* PhoneValidator.swift in Sources */,
				CECC20D63007AD4E00DC450D /* CountryPickerSheet.swift in Sources */,
				CEE62A99300929A70071F076 /* SessionRow.swift in Sources */,
				D93938E43004064400CF4372 /* ContentView.swift in Sources */,
				616CAD0E30082441007FC4AF /* SupportAndLeagalSettingsView.swift in Sources */,
				61D8F2F8300761200088F170 /* CustomProfileTextField.swift in Sources */,
				D9C187C430066A4000BFF8E9 /* Storage.swift in Sources */,
				D9C09B10300A2B32008C1E58 /* OnBordingIdelState.swift in Sources */,
				D9A2858E300A859E00ABB5BD /* CvUplodingApiResponse+Mapping.swift in Sources */,
				41C6A2363008008D0035EFBF /* SendingOTPCodeView.swift in Sources */,
				41C6A23C30080BDA0035EFBF /* OTPView.swift in Sources */,
				D98A797F3009084000DFDC6B /* OnBordingErrorState.swift in Sources */,
				D9C187BE300663F200BFF8E9 /* NetworkError.swift in Sources */,
				CEE62A8D3009202F0071F076 /* SettingsView.swift in Sources */,
				CEE62A89300920070071F076 /* PracticeView.swift in Sources */,
				D9C187A030065BA700BFF8E9 /* TestLocalDataSource.swift in Sources */,
				CECC20E63007DB3D00DC450D /* PulsingIconBadge.swift in Sources */,
				CECC20EC3007DD1D00DC450D /* WaitingStateComponents.swift in Sources */,
				61D8F2FA300778520088F170 /* SkillTag.swift in Sources */,
				CE8AFF1F3007187D0064CC6C /* Spaces.swift in Sources */,
				41C6A238300804650035EFBF /* SoundWaveView.swift in Sources */,
				D98A797D300903BF00DFDC6B /* UploadeCvErrors.swift in Sources */,
				D9A2858B300A834A00ABB5BD /* CvUplodingApiResponse.swift in Sources */,
				D9A2857A300A5CFB00ABB5BD /* UploadCvUseCase.swift in Sources */,
				D9C1879730065B0400BFF8E9 /* Entity.swift in Sources */,
				616CAD0430080EEC007FC4AF /* SettingsVIew.swift in Sources */,
				CECC20E23007DB1B00DC450D /* WaitingIndicatorState.swift in Sources */,
				CE12F3C4300940CE0083D66D /* Shimmer.swift in Sources */,
				D93938E23004064400CF4372 /* Career_Pilot_iOSApp.swift in Sources */,
				61D8F2FC300779ED0088F170 /* Flowlayout.swift in Sources */,
				D98A79773008E19900DFDC6B /* TrackChip.swift in Sources */,
				D9A28584300A6CC300ABB5BD /* UserDataRepoImp.swift in Sources */,
				D9C187AA30065C8700BFF8E9 /* AuthViewModel.swift in Sources */,
				D9A28581300A61DC00ABB5BD /* UserDataEndPoint.swift in Sources */,
				616CAD0C30081EF4007FC4AF /* AcoountSettingsView.swift in Sources */,
				41D69D34300A7C0700294D94 /* UserProfileDTO+Mapping.swift in Sources */,
				CECC20E43007DB2C00DC450D /* WaitingStateView.swift in Sources */,
				CEE62A80300910840071F076 /* HomeView.swift in Sources */,
				CEE62A8530091A6B0071F076 /* Image+AppIcons.swift in Sources */,
				61D8F2FF30077A410088F170 /* UserData.swift in Sources */,
				D9C1879E30065B9800BFF8E9 /* TestDao.swift in Sources */,
				CEE62A8B3009201C0071F076 /* ReportsView.swift in Sources */,
				D935DFCF300789EF009DF855 /* CvUploadingView.swift in Sources */,
				CE12F3C830094FB50083D66D /* OTPBoxView.swift in Sources */,
				CE12F3C930094FB50083D66D /* OTPCodeView.swift in Sources */,
				CE8AFF1D300718670064CC6C /* Round.swift in Sources */,
				D9C187CF30066B2800BFF8E9 /* style.swift in Sources */,
				D935DFFC3008045A009DF855 /* OnBordingViewModel.swift in Sources */,
				41D69D29300A7BEF00294D94 /* User.swift in Sources */,
				41D69D31300A7C0700294D94 /* UserDTO.swift in Sources */,
				D9C187B33006618500BFF8E9 /* DIContainer.swift in Sources */,
				616CAD0730080FDE007FC4AF /* ProfileCard.swift in Sources */,
				D9C187BB300662F000BFF8E9 /* HTTPMethod.swift in Sources */,
				CECC20E83007DB4D00DC450D /* WaveformBars.swift in Sources */,
				CECC20EA3007DB5E00DC450D /* ShakeEffect.swift in Sources */,
				CECC20D43007AD3A00DC450D /* CountryCode.swift in Sources */,
				61D8F2F03007523E0088F170 /* HeaderView.swift in Sources */,
				D9C187AF300660D100BFF8E9 /* APIEndpoint.swift in Sources */,
				D9C187A430065C2B00BFF8E9 /* RepoImp.swift in Sources */,
				CE8AFF22300726660064CC6C /* PhoneTextField.swift in Sources */,
				D9A28588300A82CE00ABB5BD /* UserDataRemoteDataSource.swift in Sources */,
				CEE62A933009296E0071F076 /* SubscriptionCard.swift in Sources */,
			);
			runOnlyForDeploymentPostprocessing = 0;
		};
		D93938EF3004064600CF4372 /* Sources */ = {
			isa = PBXSourcesBuildPhase;
			buildActionMask = 2147483647;
			files = (
				D93938F83004064600CF4372 /* Career_Pilot_iOSTests.swift in Sources */,
			);
			runOnlyForDeploymentPostprocessing = 0;
		};
		D93938F93004064600CF4372 /* Sources */ = {
			isa = PBXSourcesBuildPhase;
			buildActionMask = 2147483647;
			files = (
				D93939023004064600CF4372 /* Career_Pilot_iOSUITests.swift in Sources */,
				D93939043004064600CF4372 /* Career_Pilot_iOSUITestsLaunchTests.swift in Sources */,
			);
			runOnlyForDeploymentPostprocessing = 0;
		};
/* End PBXSourcesBuildPhase section */

/* Begin PBXTargetDependency section */
		D93938F53004064600CF4372 /* PBXTargetDependency */ = {
			isa = PBXTargetDependency;
			target = D93938DD3004064400CF4372 /* Career-Pilot-iOS */;
			targetProxy = D93938F43004064600CF4372 /* PBXContainerItemProxy */;
		};
		D93938FF3004064600CF4372 /* PBXTargetDependency */ = {
			isa = PBXTargetDependency;
			target = D93938DD3004064400CF4372 /* Career-Pilot-iOS */;
			targetProxy = D93938FE3004064600CF4372 /* PBXContainerItemProxy */;
		};
/* End PBXTargetDependency section */

/* Begin PBXVariantGroup section */
		CECC20DB3007C59F00DC450D /* Localizable.strings */ = {
			isa = PBXVariantGroup;
			children = (
				CECC20DC3007C59F00DC450D /* en */,
			);
			name = Localizable.strings;
			sourceTree = "<group>";
		};
/* End PBXVariantGroup section */

/* Begin XCBuildConfiguration section */
		D93939053004064600CF4372 /* Debug */ = {
			isa = XCBuildConfiguration;
			buildSettings = {
				ALWAYS_SEARCH_USER_PATHS = NO;
				CLANG_ANALYZER_NONNULL = YES;
				CLANG_ANALYZER_NUMBER_OBJECT_CONVERSION = YES_AGGRESSIVE;
				CLANG_CXX_LANGUAGE_STANDARD = "gnu++20";
				CLANG_ENABLE_MODULES = YES;
				CLANG_ENABLE_OBJC_ARC = YES;
				CLANG_ENABLE_OBJC_WEAK = YES;
				CLANG_WARN_BLOCK_CAPTURE_AUTORELEASING = YES;
				CLANG_WARN_BOOL_CONVERSION = YES;
				CLANG_WARN_COMMA = YES;
				CLANG_WARN_CONSTANT_CONVERSION = YES;
				CLANG_WARN_DEPRECATED_OBJC_IMPLEMENTATIONS = YES;
				CLANG_WARN_DIRECT_OBJC_ISA_USAGE = YES_ERROR;
				CLANG_WARN_DOCUMENTATION_COMMENTS = YES;
				CLANG_WARN_EMPTY_BODY = YES;
				CLANG_WARN_ENUM_CONVERSION = YES;
				CLANG_WARN_INFINITE_RECURSION = YES;
				CLANG_WARN_INT_CONVERSION = YES;
				CLANG_WARN_NON_LITERAL_NULL_CONVERSION = YES;
				CLANG_WARN_OBJC_IMPLICIT_RETAIN_SELF = YES;
				CLANG_WARN_OBJC_LITERAL_CONVERSION = YES;
				CLANG_WARN_OBJC_ROOT_CLASS = YES_ERROR;
				CLANG_WARN_QUOTED_INCLUDE_IN_FRAMEWORK_HEADER = YES;
				CLANG_WARN_RANGE_LOOP_ANALYSIS = YES;
				CLANG_WARN_STRICT_PROTOTYPES = YES;
				CLANG_WARN_SUSPICIOUS_MOVE = YES;
				CLANG_WARN_UNGUARDED_AVAILABILITY = YES_AGGRESSIVE;
				CLANG_WARN_UNREACHABLE_CODE = YES;
				CLANG_WARN__DUPLICATE_METHOD_MATCH = YES;
				COPY_PHASE_STRIP = NO;
				DEBUG_INFORMATION_FORMAT = dwarf;
				ENABLE_STRICT_OBJC_MSGSEND = YES;
				ENABLE_TESTABILITY = YES;
				GCC_C_LANGUAGE_STANDARD = gnu11;
				GCC_DYNAMIC_NO_PIC = NO;
				GCC_NO_COMMON_BLOCKS = YES;
				GCC_OPTIMIZATION_LEVEL = 0;
				GCC_PREPROCESSOR_DEFINITIONS = (
					"DEBUG=1",
					"$(inherited)",
				);
				GCC_WARN_64_TO_32_BIT_CONVERSION = YES;
				GCC_WARN_ABOUT_RETURN_TYPE = YES_ERROR;
				GCC_WARN_UNDECLARED_SELECTOR = YES;
				GCC_WARN_UNINITIALIZED_AUTOS = YES_AGGRESSIVE;
				GCC_WARN_UNUSED_FUNCTION = YES;
				GCC_WARN_UNUSED_VARIABLE = YES;
				IPHONEOS_DEPLOYMENT_TARGET = 16.2;
				MTL_ENABLE_DEBUG_INFO = INCLUDE_SOURCE;
				MTL_FAST_MATH = YES;
				ONLY_ACTIVE_ARCH = YES;
				SDKROOT = iphoneos;
				SWIFT_ACTIVE_COMPILATION_CONDITIONS = DEBUG;
				SWIFT_OPTIMIZATION_LEVEL = "-Onone";
			};
			name = Debug;
		};
		D93939063004064600CF4372 /* Release */ = {
			isa = XCBuildConfiguration;
			buildSettings = {
				ALWAYS_SEARCH_USER_PATHS = NO;
				CLANG_ANALYZER_NONNULL = YES;
				CLANG_ANALYZER_NUMBER_OBJECT_CONVERSION = YES_AGGRESSIVE;
				CLANG_CXX_LANGUAGE_STANDARD = "gnu++20";
				CLANG_ENABLE_MODULES = YES;
				CLANG_ENABLE_OBJC_ARC = YES;
				CLANG_ENABLE_OBJC_WEAK = YES;
				CLANG_WARN_BLOCK_CAPTURE_AUTORELEASING = YES;
				CLANG_WARN_BOOL_CONVERSION = YES;
				CLANG_WARN_COMMA = YES;
				CLANG_WARN_CONSTANT_CONVERSION = YES;
				CLANG_WARN_DEPRECATED_OBJC_IMPLEMENTATIONS = YES;
				CLANG_WARN_DIRECT_OBJC_ISA_USAGE = YES_ERROR;
				CLANG_WARN_DOCUMENTATION_COMMENTS = YES;
				CLANG_WARN_EMPTY_BODY = YES;
				CLANG_WARN_ENUM_CONVERSION = YES;
				CLANG_WARN_INFINITE_RECURSION = YES;
				CLANG_WARN_INT_CONVERSION = YES;
				CLANG_WARN_NON_LITERAL_NULL_CONVERSION = YES;
				CLANG_WARN_OBJC_IMPLICIT_RETAIN_SELF = YES;
				CLANG_WARN_OBJC_LITERAL_CONVERSION = YES;
				CLANG_WARN_OBJC_ROOT_CLASS = YES_ERROR;
				CLANG_WARN_QUOTED_INCLUDE_IN_FRAMEWORK_HEADER = YES;
				CLANG_WARN_RANGE_LOOP_ANALYSIS = YES;
				CLANG_WARN_STRICT_PROTOTYPES = YES;
				CLANG_WARN_SUSPICIOUS_MOVE = YES;
				CLANG_WARN_UNGUARDED_AVAILABILITY = YES_AGGRESSIVE;
				CLANG_WARN_UNREACHABLE_CODE = YES;
				CLANG_WARN__DUPLICATE_METHOD_MATCH = YES;
				COPY_PHASE_STRIP = NO;
				DEBUG_INFORMATION_FORMAT = "dwarf-with-dsym";
				ENABLE_NS_ASSERTIONS = NO;
				ENABLE_STRICT_OBJC_MSGSEND = YES;
				GCC_C_LANGUAGE_STANDARD = gnu11;
				GCC_NO_COMMON_BLOCKS = YES;
				GCC_WARN_64_TO_32_BIT_CONVERSION = YES;
				GCC_WARN_ABOUT_RETURN_TYPE = YES_ERROR;
				GCC_WARN_UNDECLARED_SELECTOR = YES;
				GCC_WARN_UNINITIALIZED_AUTOS = YES_AGGRESSIVE;
				GCC_WARN_UNUSED_FUNCTION = YES;
				GCC_WARN_UNUSED_VARIABLE = YES;
				IPHONEOS_DEPLOYMENT_TARGET = 16.2;
				MTL_ENABLE_DEBUG_INFO = NO;
				MTL_FAST_MATH = YES;
				SDKROOT = iphoneos;
				SWIFT_COMPILATION_MODE = wholemodule;
				SWIFT_OPTIMIZATION_LEVEL = "-O";
				VALIDATE_PRODUCT = YES;
			};
			name = Release;
		};
		D93939083004064600CF4372 /* Debug */ = {
			isa = XCBuildConfiguration;
			buildSettings = {
				CODE_SIGN_STYLE = Automatic;
				CURRENT_PROJECT_VERSION = 1;
				DEVELOPMENT_ASSET_PATHS = "\"Career-Pilot-iOS/Preview Content\"";
				ENABLE_PREVIEWS = YES;
				GENERATE_INFOPLIST_FILE = YES;
				INFOPLIST_KEY_UIApplicationSceneManifest_Generation = YES;
				INFOPLIST_KEY_UIApplicationSupportsIndirectInputEvents = YES;
				INFOPLIST_KEY_UILaunchScreen_Generation = YES;
				INFOPLIST_KEY_UISupportedInterfaceOrientations_iPad = "UIInterfaceOrientationPortrait UIInterfaceOrientationPortraitUpsideDown UIInterfaceOrientationLandscapeLeft UIInterfaceOrientationLandscapeRight";
				INFOPLIST_KEY_UISupportedInterfaceOrientations_iPhone = "UIInterfaceOrientationPortrait UIInterfaceOrientationLandscapeLeft UIInterfaceOrientationLandscapeRight";
				LD_RUNPATH_SEARCH_PATHS = (
					"$(inherited)",
					"@executable_path/Frameworks",
				);
				MARKETING_VERSION = 1.0;
				PRODUCT_BUNDLE_IDENTIFIER = "com.iti.Career-Pilot-iOS";
				PRODUCT_NAME = "$(TARGET_NAME)";
				SWIFT_EMIT_LOC_STRINGS = YES;
				SWIFT_VERSION = 5.0;
				TARGETED_DEVICE_FAMILY = "1,2";
			};
			name = Debug;
		};
		D93939093004064600CF4372 /* Release */ = {
			isa = XCBuildConfiguration;
			buildSettings = {
				CODE_SIGN_STYLE = Automatic;
				CURRENT_PROJECT_VERSION = 1;
				DEVELOPMENT_ASSET_PATHS = "\"Career-Pilot-iOS/Preview Content\"";
				ENABLE_PREVIEWS = YES;
				GENERATE_INFOPLIST_FILE = YES;
				INFOPLIST_KEY_UIApplicationSceneManifest_Generation = YES;
				INFOPLIST_KEY_UIApplicationSupportsIndirectInputEvents = YES;
				INFOPLIST_KEY_UILaunchScreen_Generation = YES;
				INFOPLIST_KEY_UISupportedInterfaceOrientations_iPad = "UIInterfaceOrientationPortrait UIInterfaceOrientationPortraitUpsideDown UIInterfaceOrientationLandscapeLeft UIInterfaceOrientationLandscapeRight";
				INFOPLIST_KEY_UISupportedInterfaceOrientations_iPhone = "UIInterfaceOrientationPortrait UIInterfaceOrientationLandscapeLeft UIInterfaceOrientationLandscapeRight";
				LD_RUNPATH_SEARCH_PATHS = (
					"$(inherited)",
					"@executable_path/Frameworks",
				);
				MARKETING_VERSION = 1.0;
				PRODUCT_BUNDLE_IDENTIFIER = "com.iti.Career-Pilot-iOS";
				PRODUCT_NAME = "$(TARGET_NAME)";
				SWIFT_EMIT_LOC_STRINGS = YES;
				SWIFT_VERSION = 5.0;
				TARGETED_DEVICE_FAMILY = "1,2";
			};
			name = Release;
		};
		D939390B3004064600CF4372 /* Debug */ = {
			isa = XCBuildConfiguration;
			buildSettings = {
				ALWAYS_EMBED_SWIFT_STANDARD_LIBRARIES = YES;
				BUNDLE_LOADER = "$(TEST_HOST)";
				CODE_SIGN_STYLE = Automatic;
				CURRENT_PROJECT_VERSION = 1;
				GENERATE_INFOPLIST_FILE = YES;
				IPHONEOS_DEPLOYMENT_TARGET = 16.2;
				MARKETING_VERSION = 1.0;
				PRODUCT_BUNDLE_IDENTIFIER = "com.iti.Career-Pilot-iOSTests";
				PRODUCT_NAME = "$(TARGET_NAME)";
				SWIFT_EMIT_LOC_STRINGS = NO;
				SWIFT_VERSION = 5.0;
				TARGETED_DEVICE_FAMILY = "1,2";
				TEST_HOST = "$(BUILT_PRODUCTS_DIR)/Career-Pilot-iOS.app/$(BUNDLE_EXECUTABLE_FOLDER_PATH)/Career-Pilot-iOS";
			};
			name = Debug;
		};
		D939390C3004064600CF4372 /* Release */ = {
			isa = XCBuildConfiguration;
			buildSettings = {
				ALWAYS_EMBED_SWIFT_STANDARD_LIBRARIES = YES;
				BUNDLE_LOADER = "$(TEST_HOST)";
				CODE_SIGN_STYLE = Automatic;
				CURRENT_PROJECT_VERSION = 1;
				GENERATE_INFOPLIST_FILE = YES;
				IPHONEOS_DEPLOYMENT_TARGET = 16.2;
				MARKETING_VERSION = 1.0;
				PRODUCT_BUNDLE_IDENTIFIER = "com.iti.Career-Pilot-iOSTests";
				PRODUCT_NAME = "$(TARGET_NAME)";
				SWIFT_EMIT_LOC_STRINGS = NO;
				SWIFT_VERSION = 5.0;
				TARGETED_DEVICE_FAMILY = "1,2";
				TEST_HOST = "$(BUILT_PRODUCTS_DIR)/Career-Pilot-iOS.app/$(BUNDLE_EXECUTABLE_FOLDER_PATH)/Career-Pilot-iOS";
			};
			name = Release;
		};
		D939390E3004064600CF4372 /* Debug */ = {
			isa = XCBuildConfiguration;
			buildSettings = {
				ALWAYS_EMBED_SWIFT_STANDARD_LIBRARIES = YES;
				CODE_SIGN_STYLE = Automatic;
				CURRENT_PROJECT_VERSION = 1;
				GENERATE_INFOPLIST_FILE = YES;
				MARKETING_VERSION = 1.0;
				PRODUCT_BUNDLE_IDENTIFIER = "com.iti.Career-Pilot-iOSUITests";
				PRODUCT_NAME = "$(TARGET_NAME)";
				SWIFT_EMIT_LOC_STRINGS = NO;
				SWIFT_VERSION = 5.0;
				TARGETED_DEVICE_FAMILY = "1,2";
				TEST_TARGET_NAME = "Career-Pilot-iOS";
			};
			name = Debug;
		};
		D939390F3004064600CF4372 /* Release */ = {
			isa = XCBuildConfiguration;
			buildSettings = {
				ALWAYS_EMBED_SWIFT_STANDARD_LIBRARIES = YES;
				CODE_SIGN_STYLE = Automatic;
				CURRENT_PROJECT_VERSION = 1;
				GENERATE_INFOPLIST_FILE = YES;
				MARKETING_VERSION = 1.0;
				PRODUCT_BUNDLE_IDENTIFIER = "com.iti.Career-Pilot-iOSUITests";
				PRODUCT_NAME = "$(TARGET_NAME)";
				SWIFT_EMIT_LOC_STRINGS = NO;
				SWIFT_VERSION = 5.0;
				TARGETED_DEVICE_FAMILY = "1,2";
				TEST_TARGET_NAME = "Career-Pilot-iOS";
			};
			name = Release;
		};
/* End XCBuildConfiguration section */

/* Begin XCConfigurationList section */
		D93938D93004064400CF4372 /* Build configuration list for PBXProject "Career-Pilot-iOS" */ = {
			isa = XCConfigurationList;
			buildConfigurations = (
				D93939053004064600CF4372 /* Debug */,
				D93939063004064600CF4372 /* Release */,
			);
			defaultConfigurationIsVisible = 0;
			defaultConfigurationName = Release;
		};
		D93939073004064600CF4372 /* Build configuration list for PBXNativeTarget "Career-Pilot-iOS" */ = {
			isa = XCConfigurationList;
			buildConfigurations = (
				D93939083004064600CF4372 /* Debug */,
				D93939093004064600CF4372 /* Release */,
			);
			defaultConfigurationIsVisible = 0;
			defaultConfigurationName = Release;
		};
		D939390A3004064600CF4372 /* Build configuration list for PBXNativeTarget "Career-Pilot-iOSTests" */ = {
			isa = XCConfigurationList;
			buildConfigurations = (
				D939390B3004064600CF4372 /* Debug */,
				D939390C3004064600CF4372 /* Release */,
			);
			defaultConfigurationIsVisible = 0;
			defaultConfigurationName = Release;
		};
		D939390D3004064600CF4372 /* Build configuration list for PBXNativeTarget "Career-Pilot-iOSUITests" */ = {
			isa = XCConfigurationList;
			buildConfigurations = (
				D939390E3004064600CF4372 /* Debug */,
				D939390F3004064600CF4372 /* Release */,
			);
			defaultConfigurationIsVisible = 0;
			defaultConfigurationName = Release;
		};
/* End XCConfigurationList section */

/* Begin XCVersionGroup section */
		D93938EC3004064600CF4372 /* Career_Pilot_iOS.xcdatamodeld */ = {
			isa = XCVersionGroup;
			children = (
				D93938ED3004064600CF4372 /* Career_Pilot_iOS.xcdatamodel */,
			);
			currentVersion = D93938ED3004064600CF4372 /* Career_Pilot_iOS.xcdatamodel */;
			path = Career_Pilot_iOS.xcdatamodeld;
			sourceTree = "<group>";
			versionGroupType = wrapper.xcdatamodel;
		};
/* End XCVersionGroup section */
	};
	rootObject = D93938D63004064400CF4372 /* Project object */;
}
